{
  "version": 4,
  "terraform_version": "1.11.2",
  "serial": 1024,
  "lineage": "71f18e5b-1363-c404-3fac-3e0c2f463f08",
  "outputs": {},
  "resources": [
    {
      "module": "module.chat_db",
      "mode": "managed",
      "type": "aws_db_instance",
      "name": "db",
      "provider": "provider[\"registry.terraform.io/hashicorp/aws\"]",
      "instances": [
        {
          "schema_version": 1,
          "attributes": {
            "address": "chat-service-db.ccsly5evhdma.us-east-1.rds.amazonaws.com",
            "allocated_storage": 20,
            "allow_major_version_upgrade": null,
            "apply_immediately": false,
            "arn": "arn:aws:rds:us-east-1:733338247552:db:chat-service-db",
            "auto_minor_version_upgrade": true,
            "availability_zone": "us-east-1b",
            "backup_retention_period": 0,
            "backup_window": "09:14-09:44",
            "blue_green_update": [],
            "ca_cert_identifier": "rds-ca-rsa2048-g1",
            "character_set_name": "",
            "copy_tags_to_snapshot": false,
            "custom_iam_instance_profile": "",
            "customer_owned_ip_enabled": false,
            "db_name": "chat_service",
            "db_subnet_group_name": "default",
            "delete_automated_backups": true,
            "deletion_protection": false,
            "domain": "",
            "domain_iam_role_name": "",
            "enabled_cloudwatch_logs_exports": null,
            "endpoint": "chat-service-db.ccsly5evhdma.us-east-1.rds.amazonaws.com:5432",
            "engine": "postgres",
            "engine_version": "17.4",
            "engine_version_actual": "17.4",
            "final_snapshot_identifier": null,
            "hosted_zone_id": "Z2R2ITUGPM61AM",
            "iam_database_authentication_enabled": false,
            "id": "chat-service-db",
            "identifier": "chat-service-db",
            "identifier_prefix": "",
            "instance_class": "db.t3.micro",
            "iops": 0,
            "kms_key_id": "",
            "latest_restorable_time": "",
            "license_model": "postgresql-license",
            "listener_endpoint": [],
            "maintenance_window": "fri:04:01-fri:04:31",
            "manage_master_user_password": null,
            "master_user_secret": [],
            "master_user_secret_kms_key_id": null,
            "max_allocated_storage": 0,
            "monitoring_interval": 0,
            "monitoring_role_arn": "",
            "multi_az": false,
            "name": "chat_service",
            "nchar_character_set_name": "",
            "network_type": "IPV4",
            "option_group_name": "default:postgres-17",
            "parameter_group_name": "default.postgres17",
            "password": "dbpassword",
            "performance_insights_enabled": false,
            "performance_insights_kms_key_id": "",
            "performance_insights_retention_period": 0,
            "port": 5432,
            "publicly_accessible": false,
            "replica_mode": "",
            "replicas": [],
            "replicate_source_db": "",
            "resource_id": "db-3ADSL226CZ2NDGL7HIF662DYHQ",
            "restore_to_point_in_time": [],
            "s3_import": [],
            "security_group_names": null,
            "skip_final_snapshot": true,
            "snapshot_identifier": null,
            "status": "available",
            "storage_encrypted": false,
            "storage_throughput": 0,
            "storage_type": "gp2",
            "tags": null,
            "tags_all": {},
            "timeouts": null,
            "timezone": "",
            "username": "dbuser",
            "vpc_security_group_ids": [
              "sg-0b5f92a798676f3d4"
            ]
          },
          "sensitive_attributes": [
            [
              {
                "type": "get_attr",
                "value": "username"
              }
            ],
            [
              {
                "type": "get_attr",
                "value": "password"
              }
            ]
          ],
          "private": "eyJlMmJmYjczMC1lY2FhLTExZTYtOGY4OC0zNDM2M2JjN2M0YzAiOnsiY3JlYXRlIjoyNDAwMDAwMDAwMDAwLCJkZWxldGUiOjM2MDAwMDAwMDAwMDAsInVwZGF0ZSI6NDgwMDAwMDAwMDAwMH0sInNjaGVtYV92ZXJzaW9uIjoiMSJ9",
          "dependencies": [
            "module.network.aws_security_group.backend_sg",
            "module.network.aws_security_group.db_sg"
          ]
        }
      ]
    },
    {
      "module": "module.cognito",
      "mode": "managed",
      "type": "aws_cognito_user_pool",
      "name": "pool",
      "provider": "provider[\"registry.terraform.io/hashicorp/aws\"]",
      "instances": [
        {
          "schema_version": 0,
          "attributes": {
            "account_recovery_setting": [
              {
                "recovery_mechanism": [
                  {
                    "name": "verified_email",
                    "priority": 1
                  },
                  {
                    "name": "verified_phone_number",
                    "priority": 2
                  }
                ]
              }
            ],
            "admin_create_user_config": [
              {
                "allow_admin_create_user_only": false,
                "invite_message_template": []
              }
            ],
            "alias_attributes": null,
            "arn": "arn:aws:cognito-idp:us-east-1:733338247552:userpool/us-east-1_EaRyQGgsO",
            "auto_verified_attributes": null,
            "creation_date": "2025-05-18T23:05:56Z",
            "custom_domain": "",
            "deletion_protection": "INACTIVE",
            "device_configuration": [],
            "domain": "",
            "email_configuration": [
              {
                "configuration_set": "",
                "email_sending_account": "COGNITO_DEFAULT",
                "from_email_address": "",
                "reply_to_email_address": "",
                "source_arn": ""
              }
            ],
            "email_verification_message": "",
            "email_verification_subject": "",
            "endpoint": "cognito-idp.us-east-1.amazonaws.com/us-east-1_EaRyQGgsO",
            "estimated_number_of_users": 0,
            "id": "us-east-1_EaRyQGgsO",
            "lambda_config": [
              {
                "create_auth_challenge": "",
                "custom_email_sender": [],
                "custom_message": "",
                "custom_sms_sender": [],
                "define_auth_challenge": "",
                "kms_key_id": "",
                "post_authentication": "",
                "post_confirmation": "",
                "pre_authentication": "",
                "pre_sign_up": "arn:aws:lambda:us-east-1:733338247552:function:SignupAutoConfirm",
                "pre_token_generation": "",
                "user_migration": "",
                "verify_auth_challenge_response": ""
              }
            ],
            "last_modified_date": "2025-05-18T23:05:56Z",
            "mfa_configuration": "OFF",
            "name": "app-user-pool",
            "password_policy": [
              {
                "minimum_length": 8,
                "require_lowercase": true,
                "require_numbers": true,
                "require_symbols": false,
                "require_uppercase": true,
                "temporary_password_validity_days": 7
              }
            ],
            "schema": [],
            "sms_authentication_message": "",
            "sms_configuration": [],
            "sms_verification_message": "",
            "software_token_mfa_configuration": [],
            "tags": null,
            "tags_all": {},
            "user_attribute_update_settings": [],
            "user_pool_add_ons": [],
            "username_attributes": null,
            "username_configuration": [],
            "verification_message_template": [
              {
                "default_email_option": "CONFIRM_WITH_CODE",
                "email_message": "",
                "email_message_by_link": "",
                "email_subject": "",
                "email_subject_by_link": "",
                "sms_message": ""
              }
            ]
          },
          "sensitive_attributes": [],
          "private": "bnVsbA=="
        }
      ]
    },
    {
      "module": "module.cognito",
      "mode": "managed",
      "type": "aws_cognito_user_pool_client",
      "name": "client",
      "provider": "provider[\"registry.terraform.io/hashicorp/aws\"]",
      "instances": [
        {
          "schema_version": 0,
          "attributes": {
            "access_token_validity": 0,
            "allowed_oauth_flows": [],
            "allowed_oauth_flows_user_pool_client": false,
            "allowed_oauth_scopes": [],
            "analytics_configuration": [],
            "auth_session_validity": 3,
            "callback_urls": [],
            "client_secret": "",
            "default_redirect_uri": "",
            "enable_propagate_additional_user_context_data": false,
            "enable_token_revocation": true,
            "explicit_auth_flows": [
              "ALLOW_REFRESH_TOKEN_AUTH",
              "ALLOW_USER_PASSWORD_AUTH"
            ],
            "generate_secret": null,
            "id": "5frodoumf69djh66osg2273jg8",
            "id_token_validity": 0,
            "logout_urls": [],
            "name": "user-pool-client",
            "prevent_user_existence_errors": "",
            "read_attributes": [],
            "refresh_token_validity": 30,
            "supported_identity_providers": [],
            "token_validity_units": [],
            "user_pool_id": "us-east-1_EaRyQGgsO",
            "write_attributes": []
          },
          "sensitive_attributes": [
            [
              {
                "type": "get_attr",
                "value": "client_secret"
              }
            ]
          ],
          "dependencies": [
            "module.cognito.aws_cognito_user_pool.pool"
          ]
        }
      ]
    },
    {
      "module": "module.cognito",
      "mode": "managed",
      "type": "aws_lambda_permission",
      "name": "allow_cognito",
      "provider": "provider[\"registry.terraform.io/hashicorp/aws\"]",
      "instances": [
        {
          "schema_version": 0,
          "attributes": {
            "action": "lambda:InvokeFunction",
            "event_source_token": null,
            "function_name": "arn:aws:lambda:us-east-1:733338247552:function:SignupAutoConfirm",
            "function_url_auth_type": null,
            "id": "AllowCognitoToInvokeFunction",
            "principal": "cognito-idp.amazonaws.com",
            "principal_org_id": null,
            "qualifier": "",
            "source_account": null,
            "source_arn": "arn:aws:cognito-idp:us-east-1:733338247552:userpool/us-east-1_EaRyQGgsO",
            "statement_id": "AllowCognitoToInvokeFunction",
            "statement_id_prefix": ""
          },
          "sensitive_attributes": [],
          "private": "bnVsbA==",
          "dependencies": [
            "module.cognito.aws_cognito_user_pool.pool"
          ]
        }
      ]
    },
    {
      "module": "module.fargate",
      "mode": "managed",
      "type": "aws_cloudwatch_log_group",
      "name": "log_group",
      "provider": "provider[\"registry.terraform.io/hashicorp/aws\"]",
      "instances": [
        {
          "index_key": "auth-service",
          "schema_version": 0,
          "attributes": {
            "arn": "arn:aws:logs:us-east-1:733338247552:log-group:/ecs/auth-service",
            "id": "/ecs/auth-service",
            "kms_key_id": "",
            "name": "/ecs/auth-service",
            "name_prefix": "",
            "retention_in_days": 7,
            "skip_destroy": false,
            "tags": null,
            "tags_all": {}
          },
          "sensitive_attributes": [],
          "private": "bnVsbA==",
          "dependencies": [
            "module.chat_db.aws_db_instance.db",
            "module.cognito.aws_cognito_user_pool.pool",
            "module.cognito.aws_cognito_user_pool_client.client",
            "module.network.aws_security_group.backend_sg",
            "module.network.aws_security_group.db_sg",
            "module.notification_db.aws_dynamodb_table.notification_log",
            "module.notification_sns_topic.aws_sns_topic.email_notifications",
            "module.storage.aws_s3_bucket.app-bucket",
            "module.user_added_queue.aws_sqs_queue.queue",
            "module.user_db.aws_db_instance.db",
            "module.user_registered_queue.aws_sqs_queue.queue"
          ]
        },
        {
          "index_key": "chat-service",
          "schema_version": 0,
          "attributes": {
            "arn": "arn:aws:logs:us-east-1:733338247552:log-group:/ecs/chat-service",
            "id": "/ecs/chat-service",
            "kms_key_id": "",
            "name": "/ecs/chat-service",
            "name_prefix": "",
            "retention_in_days": 7,
            "skip_destroy": false,
            "tags": null,
            "tags_all": {}
          },
          "sensitive_attributes": [],
          "private": "bnVsbA==",
          "dependencies": [
            "module.chat_db.aws_db_instance.db",
            "module.cognito.aws_cognito_user_pool.pool",
            "module.cognito.aws_cognito_user_pool_client.client",
            "module.network.aws_security_group.backend_sg",
            "module.network.aws_security_group.db_sg",
            "module.notification_db.aws_dynamodb_table.notification_log",
            "module.notification_sns_topic.aws_sns_topic.email_notifications",
            "module.storage.aws_s3_bucket.app-bucket",
            "module.user_added_queue.aws_sqs_queue.queue",
            "module.user_db.aws_db_instance.db",
            "module.user_registered_queue.aws_sqs_queue.queue"
          ]
        },
        {
          "index_key": "file-service",
          "schema_version": 0,
          "attributes": {
            "arn": "arn:aws:logs:us-east-1:733338247552:log-group:/ecs/file-service",
            "id": "/ecs/file-service",
            "kms_key_id": "",
            "name": "/ecs/file-service",
            "name_prefix": "",
            "retention_in_days": 7,
            "skip_destroy": false,
            "tags": null,
            "tags_all": {}
          },
          "sensitive_attributes": [],
          "private": "bnVsbA==",
          "dependencies": [
            "module.chat_db.aws_db_instance.db",
            "module.cognito.aws_cognito_user_pool.pool",
            "module.cognito.aws_cognito_user_pool_client.client",
            "module.network.aws_security_group.backend_sg",
            "module.network.aws_security_group.db_sg",
            "module.notification_db.aws_dynamodb_table.notification_log",
            "module.notification_sns_topic.aws_sns_topic.email_notifications",
            "module.storage.aws_s3_bucket.app-bucket",
            "module.user_added_queue.aws_sqs_queue.queue",
            "module.user_db.aws_db_instance.db",
            "module.user_registered_queue.aws_sqs_queue.queue"
          ]
        },
        {
          "index_key": "frontend",
          "schema_version": 0,
          "attributes": {
            "arn": "arn:aws:logs:us-east-1:733338247552:log-group:/ecs/frontend",
            "id": "/ecs/frontend",
            "kms_key_id": "",
            "name": "/ecs/frontend",
            "name_prefix": "",
            "retention_in_days": 7,
            "skip_destroy": false,
            "tags": null,
            "tags_all": {}
          },
          "sensitive_attributes": [],
          "private": "bnVsbA==",
          "dependencies": [
            "module.chat_db.aws_db_instance.db",
            "module.cognito.aws_cognito_user_pool.pool",
            "module.cognito.aws_cognito_user_pool_client.client",
            "module.network.aws_security_group.backend_sg",
            "module.network.aws_security_group.db_sg",
            "module.notification_db.aws_dynamodb_table.notification_log",
            "module.notification_sns_topic.aws_sns_topic.email_notifications",
            "module.storage.aws_s3_bucket.app-bucket",
            "module.user_added_queue.aws_sqs_queue.queue",
            "module.user_db.aws_db_instance.db",
            "module.user_registered_queue.aws_sqs_queue.queue"
          ]
        },
        {
          "index_key": "notification-service",
          "schema_version": 0,
          "attributes": {
            "arn": "arn:aws:logs:us-east-1:733338247552:log-group:/ecs/notification-service",
            "id": "/ecs/notification-service",
            "kms_key_id": "",
            "name": "/ecs/notification-service",
            "name_prefix": "",
            "retention_in_days": 7,
            "skip_destroy": false,
            "tags": null,
            "tags_all": {}
          },
          "sensitive_attributes": [],
          "private": "bnVsbA==",
          "dependencies": [
            "module.chat_db.aws_db_instance.db",
            "module.cognito.aws_cognito_user_pool.pool",
            "module.cognito.aws_cognito_user_pool_client.client",
            "module.network.aws_security_group.backend_sg",
            "module.network.aws_security_group.db_sg",
            "module.notification_db.aws_dynamodb_table.notification_log",
            "module.notification_sns_topic.aws_sns_topic.email_notifications",
            "module.storage.aws_s3_bucket.app-bucket",
            "module.user_added_queue.aws_sqs_queue.queue",
            "module.user_db.aws_db_instance.db",
            "module.user_registered_queue.aws_sqs_queue.queue"
          ]
        },
        {
          "index_key": "user-service",
          "schema_version": 0,
          "attributes": {
            "arn": "arn:aws:logs:us-east-1:733338247552:log-group:/ecs/user-service",
            "id": "/ecs/user-service",
            "kms_key_id": "",
            "name": "/ecs/user-service",
            "name_prefix": "",
            "retention_in_days": 7,
            "skip_destroy": false,
            "tags": null,
            "tags_all": {}
          },
          "sensitive_attributes": [],
          "private": "bnVsbA==",
          "dependencies": [
            "module.chat_db.aws_db_instance.db",
            "module.cognito.aws_cognito_user_pool.pool",
            "module.cognito.aws_cognito_user_pool_client.client",
            "module.network.aws_security_group.backend_sg",
            "module.network.aws_security_group.db_sg",
            "module.notification_db.aws_dynamodb_table.notification_log",
            "module.notification_sns_topic.aws_sns_topic.email_notifications",
            "module.storage.aws_s3_bucket.app-bucket",
            "module.user_added_queue.aws_sqs_queue.queue",
            "module.user_db.aws_db_instance.db",
            "module.user_registered_queue.aws_sqs_queue.queue"
          ]
        }
      ]
    },
    {
      "module": "module.fargate",
      "mode": "managed",
      "type": "aws_ecs_cluster",
      "name": "cluster",
      "provider": "provider[\"registry.terraform.io/hashicorp/aws\"]",
      "instances": [
        {
          "schema_version": 0,
          "attributes": {
            "arn": "arn:aws:ecs:us-east-1:733338247552:cluster/text-messenger",
            "capacity_providers": [],
            "configuration": [],
            "default_capacity_provider_strategy": [],
            "id": "arn:aws:ecs:us-east-1:733338247552:cluster/text-messenger",
            "name": "text-messenger",
            "service_connect_defaults": [],
            "setting": [
              {
                "name": "containerInsights",
                "value": "disabled"
              }
            ],
            "tags": null,
            "tags_all": {}
          },
          "sensitive_attributes": [],
          "private": "bnVsbA=="
        }
      ]
    },
    {
      "module": "module.fargate",
      "mode": "managed",
      "type": "aws_ecs_service",
      "name": "services",
      "provider": "provider[\"registry.terraform.io/hashicorp/aws\"]",
      "instances": [
        {
          "index_key": "auth-service",
          "schema_version": 0,
          "attributes": {
            "alarms": [],
            "capacity_provider_strategy": [],
            "cluster": "arn:aws:ecs:us-east-1:733338247552:cluster/text-messenger",
            "deployment_circuit_breaker": [
              {
                "enable": false,
                "rollback": false
              }
            ],
            "deployment_controller": [
              {
                "type": "ECS"
              }
            ],
            "deployment_maximum_percent": 200,
            "deployment_minimum_healthy_percent": 100,
            "desired_count": 2,
            "enable_ecs_managed_tags": false,
            "enable_execute_command": false,
            "force_new_deployment": null,
            "health_check_grace_period_seconds": 0,
            "iam_role": "/aws-service-role/ecs.amazonaws.com/AWSServiceRoleForECS",
            "id": "arn:aws:ecs:us-east-1:733338247552:service/text-messenger/auth-service",
            "launch_type": "FARGATE",
            "load_balancer": [
              {
                "container_name": "auth-service",
                "container_port": 4000,
                "elb_name": "",
                "target_group_arn": "arn:aws:elasticloadbalancing:us-east-1:733338247552:targetgroup/tg-auth-service/54aa71af7af9ceb0"
              }
            ],
            "name": "auth-service",
            "network_configuration": [
              {
                "assign_public_ip": true,
                "security_groups": [
                  "sg-0b5aac50b74973bd1"
                ],
                "subnets": [
                  "subnet-0123874b5fd028997",
                  "subnet-03b4cc603aa595cb0",
                  "subnet-04f6ebfa3a0c780fb",
                  "subnet-067c4fef793582ca1",
                  "subnet-0caa6754f16c670d1",
                  "subnet-0f1bed8df8b8649a3"
                ]
              }
            ],
            "ordered_placement_strategy": [],
            "placement_constraints": [],
            "platform_version": "LATEST",
            "propagate_tags": "NONE",
            "scheduling_strategy": "REPLICA",
            "service_connect_configuration": [],
            "service_registries": [],
            "tags": null,
            "tags_all": {},
            "task_definition": "arn:aws:ecs:us-east-1:733338247552:task-definition/auth-service:14",
            "timeouts": null,
            "triggers": {},
            "wait_for_steady_state": false
          },
          "sensitive_attributes": [],
          "private": "eyJlMmJmYjczMC1lY2FhLTExZTYtOGY4OC0zNDM2M2JjN2M0YzAiOnsiY3JlYXRlIjoxMjAwMDAwMDAwMDAwLCJkZWxldGUiOjEyMDAwMDAwMDAwMDAsInVwZGF0ZSI6MTIwMDAwMDAwMDAwMH19",
          "dependencies": [
            "module.chat_db.aws_db_instance.db",
            "module.cognito.aws_cognito_user_pool.pool",
            "module.cognito.aws_cognito_user_pool_client.client",
            "module.fargate.aws_ecs_cluster.cluster",
            "module.fargate.aws_ecs_task_definition.tasks",
            "module.fargate.aws_lb.app",
            "module.fargate.aws_lb_target_group.tg",
            "module.network.aws_security_group.backend_sg",
            "module.network.aws_security_group.db_sg",
            "module.notification_db.aws_dynamodb_table.notification_log",
            "module.notification_sns_topic.aws_sns_topic.email_notifications",
            "module.storage.aws_s3_bucket.app-bucket",
            "module.user_added_queue.aws_sqs_queue.queue",
            "module.user_db.aws_db_instance.db",
            "module.user_registered_queue.aws_sqs_queue.queue"
          ]
        },
        {
          "index_key": "chat-service",
          "schema_version": 0,
          "attributes": {
            "alarms": [],
            "capacity_provider_strategy": [],
            "cluster": "arn:aws:ecs:us-east-1:733338247552:cluster/text-messenger",
            "deployment_circuit_breaker": [
              {
                "enable": false,
                "rollback": false
              }
            ],
            "deployment_controller": [
              {
                "type": "ECS"
              }
            ],
            "deployment_maximum_percent": 200,
            "deployment_minimum_healthy_percent": 100,
            "desired_count": 2,
            "enable_ecs_managed_tags": false,
            "enable_execute_command": false,
            "force_new_deployment": null,
            "health_check_grace_period_seconds": 0,
            "iam_role": "/aws-service-role/ecs.amazonaws.com/AWSServiceRoleForECS",
            "id": "arn:aws:ecs:us-east-1:733338247552:service/text-messenger/chat-service",
            "launch_type": "FARGATE",
            "load_balancer": [
              {
                "container_name": "chat-service",
                "container_port": 4002,
                "elb_name": "",
                "target_group_arn": "arn:aws:elasticloadbalancing:us-east-1:733338247552:targetgroup/tg-chat-service/832aaba4b1e85152"
              }
            ],
            "name": "chat-service",
            "network_configuration": [
              {
                "assign_public_ip": true,
                "security_groups": [
                  "sg-0b5aac50b74973bd1"
                ],
                "subnets": [
                  "subnet-0123874b5fd028997",
                  "subnet-03b4cc603aa595cb0",
                  "subnet-04f6ebfa3a0c780fb",
                  "subnet-067c4fef793582ca1",
                  "subnet-0caa6754f16c670d1",
                  "subnet-0f1bed8df8b8649a3"
                ]
              }
            ],
            "ordered_placement_strategy": [],
            "placement_constraints": [],
            "platform_version": "LATEST",
            "propagate_tags": "NONE",
            "scheduling_strategy": "REPLICA",
            "service_connect_configuration": [],
            "service_registries": [],
            "tags": null,
            "tags_all": {},
            "task_definition": "arn:aws:ecs:us-east-1:733338247552:task-definition/chat-service:14",
            "timeouts": null,
            "triggers": {},
            "wait_for_steady_state": false
          },
          "sensitive_attributes": [],
          "private": "eyJlMmJmYjczMC1lY2FhLTExZTYtOGY4OC0zNDM2M2JjN2M0YzAiOnsiY3JlYXRlIjoxMjAwMDAwMDAwMDAwLCJkZWxldGUiOjEyMDAwMDAwMDAwMDAsInVwZGF0ZSI6MTIwMDAwMDAwMDAwMH19",
          "dependencies": [
            "module.chat_db.aws_db_instance.db",
            "module.cognito.aws_cognito_user_pool.pool",
            "module.cognito.aws_cognito_user_pool_client.client",
            "module.fargate.aws_ecs_cluster.cluster",
            "module.fargate.aws_ecs_task_definition.tasks",
            "module.fargate.aws_lb.app",
            "module.fargate.aws_lb_target_group.tg",
            "module.network.aws_security_group.backend_sg",
            "module.network.aws_security_group.db_sg",
            "module.notification_db.aws_dynamodb_table.notification_log",
            "module.notification_sns_topic.aws_sns_topic.email_notifications",
            "module.storage.aws_s3_bucket.app-bucket",
            "module.user_added_queue.aws_sqs_queue.queue",
            "module.user_db.aws_db_instance.db",
            "module.user_registered_queue.aws_sqs_queue.queue"
          ]
        },
        {
          "index_key": "file-service",
          "schema_version": 0,
          "attributes": {
            "alarms": [],
            "capacity_provider_strategy": [],
            "cluster": "arn:aws:ecs:us-east-1:733338247552:cluster/text-messenger",
            "deployment_circuit_breaker": [
              {
                "enable": false,
                "rollback": false
              }
            ],
            "deployment_controller": [
              {
                "type": "ECS"
              }
            ],
            "deployment_maximum_percent": 200,
            "deployment_minimum_healthy_percent": 100,
            "desired_count": 2,
            "enable_ecs_managed_tags": false,
            "enable_execute_command": false,
            "force_new_deployment": null,
            "health_check_grace_period_seconds": 0,
            "iam_role": "/aws-service-role/ecs.amazonaws.com/AWSServiceRoleForECS",
            "id": "arn:aws:ecs:us-east-1:733338247552:service/text-messenger/file-service",
            "launch_type": "FARGATE",
            "load_balancer": [
              {
                "container_name": "file-service",
                "container_port": 4003,
                "elb_name": "",
                "target_group_arn": "arn:aws:elasticloadbalancing:us-east-1:733338247552:targetgroup/tg-file-service/342dfd9e775333f6"
              }
            ],
            "name": "file-service",
            "network_configuration": [
              {
                "assign_public_ip": true,
                "security_groups": [
                  "sg-0b5aac50b74973bd1"
                ],
                "subnets": [
                  "subnet-0123874b5fd028997",
                  "subnet-03b4cc603aa595cb0",
                  "subnet-04f6ebfa3a0c780fb",
                  "subnet-067c4fef793582ca1",
                  "subnet-0caa6754f16c670d1",
                  "subnet-0f1bed8df8b8649a3"
                ]
              }
            ],
            "ordered_placement_strategy": [],
            "placement_constraints": [],
            "platform_version": "LATEST",
            "propagate_tags": "NONE",
            "scheduling_strategy": "REPLICA",
            "service_connect_configuration": [],
            "service_registries": [],
            "tags": null,
            "tags_all": {},
            "task_definition": "arn:aws:ecs:us-east-1:733338247552:task-definition/file-service:4",
            "timeouts": null,
            "triggers": {},
            "wait_for_steady_state": false
          },
          "sensitive_attributes": [],
          "private": "eyJlMmJmYjczMC1lY2FhLTExZTYtOGY4OC0zNDM2M2JjN2M0YzAiOnsiY3JlYXRlIjoxMjAwMDAwMDAwMDAwLCJkZWxldGUiOjEyMDAwMDAwMDAwMDAsInVwZGF0ZSI6MTIwMDAwMDAwMDAwMH19",
          "dependencies": [
            "module.chat_db.aws_db_instance.db",
            "module.cognito.aws_cognito_user_pool.pool",
            "module.cognito.aws_cognito_user_pool_client.client",
            "module.fargate.aws_ecs_cluster.cluster",
            "module.fargate.aws_ecs_task_definition.tasks",
            "module.fargate.aws_lb.app",
            "module.fargate.aws_lb_target_group.tg",
            "module.network.aws_security_group.backend_sg",
            "module.network.aws_security_group.db_sg",
            "module.notification_db.aws_dynamodb_table.notification_log",
            "module.notification_sns_topic.aws_sns_topic.email_notifications",
            "module.storage.aws_s3_bucket.app-bucket",
            "module.user_added_queue.aws_sqs_queue.queue",
            "module.user_db.aws_db_instance.db",
            "module.user_registered_queue.aws_sqs_queue.queue"
          ]
        },
        {
          "index_key": "frontend",
          "schema_version": 0,
          "attributes": {
            "alarms": [],
            "capacity_provider_strategy": [],
            "cluster": "arn:aws:ecs:us-east-1:733338247552:cluster/text-messenger",
            "deployment_circuit_breaker": [
              {
                "enable": false,
                "rollback": false
              }
            ],
            "deployment_controller": [
              {
                "type": "ECS"
              }
            ],
            "deployment_maximum_percent": 200,
            "deployment_minimum_healthy_percent": 100,
            "desired_count": 2,
            "enable_ecs_managed_tags": false,
            "enable_execute_command": false,
            "force_new_deployment": null,
            "health_check_grace_period_seconds": 0,
            "iam_role": "/aws-service-role/ecs.amazonaws.com/AWSServiceRoleForECS",
            "id": "arn:aws:ecs:us-east-1:733338247552:service/text-messenger/frontend",
            "launch_type": "FARGATE",
            "load_balancer": [
              {
                "container_name": "frontend",
                "container_port": 8888,
                "elb_name": "",
                "target_group_arn": "arn:aws:elasticloadbalancing:us-east-1:733338247552:targetgroup/tg-frontend/bac7f84a3d6caad9"
              }
            ],
            "name": "frontend",
            "network_configuration": [
              {
                "assign_public_ip": true,
                "security_groups": [
                  "sg-0b5aac50b74973bd1"
                ],
                "subnets": [
                  "subnet-0123874b5fd028997",
                  "subnet-03b4cc603aa595cb0",
                  "subnet-04f6ebfa3a0c780fb",
                  "subnet-067c4fef793582ca1",
                  "subnet-0caa6754f16c670d1",
                  "subnet-0f1bed8df8b8649a3"
                ]
              }
            ],
            "ordered_placement_strategy": [],
            "placement_constraints": [],
            "platform_version": "LATEST",
            "propagate_tags": "NONE",
            "scheduling_strategy": "REPLICA",
            "service_connect_configuration": [],
            "service_registries": [],
            "tags": null,
            "tags_all": {},
            "task_definition": "arn:aws:ecs:us-east-1:733338247552:task-definition/frontend:9",
            "timeouts": null,
            "triggers": {},
            "wait_for_steady_state": false
          },
          "sensitive_attributes": [],
          "private": "eyJlMmJmYjczMC1lY2FhLTExZTYtOGY4OC0zNDM2M2JjN2M0YzAiOnsiY3JlYXRlIjoxMjAwMDAwMDAwMDAwLCJkZWxldGUiOjEyMDAwMDAwMDAwMDAsInVwZGF0ZSI6MTIwMDAwMDAwMDAwMH19",
          "dependencies": [
            "module.chat_db.aws_db_instance.db",
            "module.cognito.aws_cognito_user_pool.pool",
            "module.cognito.aws_cognito_user_pool_client.client",
            "module.fargate.aws_ecs_cluster.cluster",
            "module.fargate.aws_ecs_task_definition.tasks",
            "module.fargate.aws_lb.app",
            "module.fargate.aws_lb_target_group.tg",
            "module.network.aws_security_group.backend_sg",
            "module.network.aws_security_group.db_sg",
            "module.notification_db.aws_dynamodb_table.notification_log",
            "module.notification_sns_topic.aws_sns_topic.email_notifications",
            "module.storage.aws_s3_bucket.app-bucket",
            "module.user_added_queue.aws_sqs_queue.queue",
            "module.user_db.aws_db_instance.db",
            "module.user_registered_queue.aws_sqs_queue.queue"
          ]
        },
        {
          "index_key": "notification-service",
          "schema_version": 0,
          "attributes": {
            "alarms": [],
            "capacity_provider_strategy": [],
            "cluster": "arn:aws:ecs:us-east-1:733338247552:cluster/text-messenger",
            "deployment_circuit_breaker": [
              {
                "enable": false,
                "rollback": false
              }
            ],
            "deployment_controller": [
              {
                "type": "ECS"
              }
            ],
            "deployment_maximum_percent": 200,
            "deployment_minimum_healthy_percent": 100,
            "desired_count": 2,
            "enable_ecs_managed_tags": false,
            "enable_execute_command": false,
            "force_new_deployment": null,
            "health_check_grace_period_seconds": 0,
            "iam_role": "/aws-service-role/ecs.amazonaws.com/AWSServiceRoleForECS",
            "id": "arn:aws:ecs:us-east-1:733338247552:service/text-messenger/notification-service",
            "launch_type": "FARGATE",
            "load_balancer": [
              {
                "container_name": "notification-service",
                "container_port": 4004,
                "elb_name": "",
                "target_group_arn": "arn:aws:elasticloadbalancing:us-east-1:733338247552:targetgroup/tg-notification-service/6f538b69210fcaa2"
              }
            ],
            "name": "notification-service",
            "network_configuration": [
              {
                "assign_public_ip": true,
                "security_groups": [
                  "sg-0b5aac50b74973bd1"
                ],
                "subnets": [
                  "subnet-0123874b5fd028997",
                  "subnet-03b4cc603aa595cb0",
                  "subnet-04f6ebfa3a0c780fb",
                  "subnet-067c4fef793582ca1",
                  "subnet-0caa6754f16c670d1",
                  "subnet-0f1bed8df8b8649a3"
                ]
              }
            ],
            "ordered_placement_strategy": [],
            "placement_constraints": [],
            "platform_version": "LATEST",
            "propagate_tags": "NONE",
            "scheduling_strategy": "REPLICA",
            "service_connect_configuration": [],
            "service_registries": [],
            "tags": null,
            "tags_all": {},
            "task_definition": "arn:aws:ecs:us-east-1:733338247552:task-definition/notification-service:5",
            "timeouts": null,
            "triggers": {},
            "wait_for_steady_state": false
          },
          "sensitive_attributes": [],
          "private": "eyJlMmJmYjczMC1lY2FhLTExZTYtOGY4OC0zNDM2M2JjN2M0YzAiOnsiY3JlYXRlIjoxMjAwMDAwMDAwMDAwLCJkZWxldGUiOjEyMDAwMDAwMDAwMDAsInVwZGF0ZSI6MTIwMDAwMDAwMDAwMH19",
          "dependencies": [
            "module.chat_db.aws_db_instance.db",
            "module.cognito.aws_cognito_user_pool.pool",
            "module.cognito.aws_cognito_user_pool_client.client",
            "module.fargate.aws_ecs_cluster.cluster",
            "module.fargate.aws_ecs_task_definition.tasks",
            "module.fargate.aws_lb.app",
            "module.fargate.aws_lb_target_group.tg",
            "module.network.aws_security_group.backend_sg",
            "module.network.aws_security_group.db_sg",
            "module.notification_db.aws_dynamodb_table.notification_log",
            "module.notification_sns_topic.aws_sns_topic.email_notifications",
            "module.storage.aws_s3_bucket.app-bucket",
            "module.user_added_queue.aws_sqs_queue.queue",
            "module.user_db.aws_db_instance.db",
            "module.user_registered_queue.aws_sqs_queue.queue"
          ]
        },
        {
          "index_key": "user-service",
          "schema_version": 0,
          "attributes": {
            "alarms": [],
            "capacity_provider_strategy": [],
            "cluster": "arn:aws:ecs:us-east-1:733338247552:cluster/text-messenger",
            "deployment_circuit_breaker": [
              {
                "enable": false,
                "rollback": false
              }
            ],
            "deployment_controller": [
              {
                "type": "ECS"
              }
            ],
            "deployment_maximum_percent": 200,
            "deployment_minimum_healthy_percent": 100,
            "desired_count": 2,
            "enable_ecs_managed_tags": false,
            "enable_execute_command": false,
            "force_new_deployment": null,
            "health_check_grace_period_seconds": 0,
            "iam_role": "/aws-service-role/ecs.amazonaws.com/AWSServiceRoleForECS",
            "id": "arn:aws:ecs:us-east-1:733338247552:service/text-messenger/user-service",
            "launch_type": "FARGATE",
            "load_balancer": [
              {
                "container_name": "user-service",
                "container_port": 4001,
                "elb_name": "",
                "target_group_arn": "arn:aws:elasticloadbalancing:us-east-1:733338247552:targetgroup/tg-user-service/9e7cb39b4c2dcce1"
              }
            ],
            "name": "user-service",
            "network_configuration": [
              {
                "assign_public_ip": true,
                "security_groups": [
                  "sg-0b5aac50b74973bd1"
                ],
                "subnets": [
                  "subnet-0123874b5fd028997",
                  "subnet-03b4cc603aa595cb0",
                  "subnet-04f6ebfa3a0c780fb",
                  "subnet-067c4fef793582ca1",
                  "subnet-0caa6754f16c670d1",
                  "subnet-0f1bed8df8b8649a3"
                ]
              }
            ],
            "ordered_placement_strategy": [],
            "placement_constraints": [],
            "platform_version": "LATEST",
            "propagate_tags": "NONE",
            "scheduling_strategy": "REPLICA",
            "service_connect_configuration": [],
            "service_registries": [],
            "tags": null,
            "tags_all": {},
            "task_definition": "arn:aws:ecs:us-east-1:733338247552:task-definition/user-service:14",
            "timeouts": null,
            "triggers": {},
            "wait_for_steady_state": false
          },
          "sensitive_attributes": [],
          "private": "eyJlMmJmYjczMC1lY2FhLTExZTYtOGY4OC0zNDM2M2JjN2M0YzAiOnsiY3JlYXRlIjoxMjAwMDAwMDAwMDAwLCJkZWxldGUiOjEyMDAwMDAwMDAwMDAsInVwZGF0ZSI6MTIwMDAwMDAwMDAwMH19",
          "dependencies": [
            "module.chat_db.aws_db_instance.db",
            "module.cognito.aws_cognito_user_pool.pool",
            "module.cognito.aws_cognito_user_pool_client.client",
            "module.fargate.aws_ecs_cluster.cluster",
            "module.fargate.aws_ecs_task_definition.tasks",
            "module.fargate.aws_lb.app",
            "module.fargate.aws_lb_target_group.tg",
            "module.network.aws_security_group.backend_sg",
            "module.network.aws_security_group.db_sg",
            "module.notification_db.aws_dynamodb_table.notification_log",
            "module.notification_sns_topic.aws_sns_topic.email_notifications",
            "module.storage.aws_s3_bucket.app-bucket",
            "module.user_added_queue.aws_sqs_queue.queue",
            "module.user_db.aws_db_instance.db",
            "module.user_registered_queue.aws_sqs_queue.queue"
          ]
        }
      ]
    },
    {
      "module": "module.fargate",
      "mode": "managed",
      "type": "aws_ecs_task_definition",
      "name": "tasks",
      "provider": "provider[\"registry.terraform.io/hashicorp/aws\"]",
      "instances": [
        {
          "index_key": "auth-service",
          "schema_version": 1,
          "attributes": {
            "arn": "arn:aws:ecs:us-east-1:733338247552:task-definition/auth-service:14",
            "arn_without_revision": "arn:aws:ecs:us-east-1:733338247552:task-definition/auth-service",
            "container_definitions": "[{\"cpu\":0,\"environment\":[{\"name\":\"API_URL\",\"value\":\"http://text-messenger-alb-659212057.us-east-1.elb.amazonaws.com/api\"},{\"name\":\"AWS_ACCESS_KEY_ID\",\"value\":\"ASIA2VPS5UGAGOH77AKJ\"},{\"name\":\"AWS_COGNITO_CLIENT_ID\",\"value\":\"5frodoumf69djh66osg2273jg8\"},{\"name\":\"AWS_REGION\",\"value\":\"us-east-1\"},{\"name\":\"AWS_SECRET_ACCESS_KEY\",\"value\":\"P3CbmNQJPgclBajKx18EL80dvBYcQYzNSrFkPK9Q\"},{\"name\":\"AWS_SESSION_TOKEN\",\"value\":\"IQoJb3JpZ2luX2VjEMf//////////wEaCXVzLXdlc3QtMiJHMEUCIArLH0NAmmg0MlQOrOQM/sQvhDFPr6UN73VemoVbQy82AiEA+mFIiyWJmr9dmIUOkmKDUVJJZ+r7UAWIh3qcRkcbkdkqvAIIgP//////////ARAAGgw3MzMzMzgyNDc1NTIiDEH7ybid/61H8yOUUCqQAs9y1Cox1vpthnMg3wRQs9QoiHP2Fe3RKDM4jlLzyblQAoYwgjLEKtamfMQUH30NbMqVpgwVgInrR8oLW82ZaaD6AqoD5qJyFkgwwxdUL/5q9jdUrNx8zdBhIu0swvXQQo+94c46WmbdXp8B1X2CxNRON/Bhw7zwd0fAzUCBoU5TZPUMxvHdXTXSp/SXzoQzYpz77bf2v12/xh1uhthVq54Tx21FzoGd+p6LBTcoJfh0a1LZALgky8iG51iLZ/qeGlceIOBURe7ga/AgvLX9eps39auEOsTbjrsBP14w5FrMMkM4XR5Lhp1Rl+uyBw3y6P0Q/zwM0OyQ3P+ixqDk0rk+HoOMmo2nC19bxaaKT4TCMLDOqcEGOp0BDcJbdsumf6RRAeXUvKtbRaVH598nAMHTAvm+J5mBQg4sGwgRoNIxAWH1ywc4y7OWS3mlLcyGKrNwtSp+flMmin9YyhUfxRMkWVw9yZVG9TroWU8A+c/l9EoGyirTTftcCmxmdCj/nNjpXity9U7aJuF8zS0SJ93jfezXVCGt/SRn86oo3dj+Mjjc7qo4To0JinLakyi2JYgcDkiuAA==\"},{\"name\":\"AWS_SQS_QUEUE_URL\",\"value\":\"https://sqs.us-east-1.amazonaws.com/733338247552/user_registered_queue\"},{\"name\":\"AWS_USER_POOL_ID\",\"value\":\"us-east-1_EaRyQGgsO\"},{\"name\":\"MIX_ENV\",\"value\":\"prod\"},{\"name\":\"PHX_HOST\",\"value\":\"text-messenger-alb-659212057.us-east-1.elb.amazonaws.com\"},{\"name\":\"PHX_SERVER\",\"value\":\"true\"},{\"name\":\"PORT\",\"value\":\"4000\"},{\"name\":\"SOCKET_URL\",\"value\":\"ws://text-messenger-alb-659212057.us-east-1.elb.amazonaws.com/socket/websocket\"}],\"essential\":true,\"image\":\"733338247552.dkr.ecr.us-east-1.amazonaws.com/264127/auth-service:latest\",\"logConfiguration\":{\"logDriver\":\"awslogs\",\"options\":{\"awslogs-group\":\"/ecs/auth-service\",\"awslogs-region\":\"us-east-1\",\"awslogs-stream-prefix\":\"auth-service\"}},\"mountPoints\":[],\"name\":\"auth-service\",\"portMappings\":[{\"containerPort\":4000,\"hostPort\":4000,\"protocol\":\"tcp\"}],\"systemControls\":[],\"volumesFrom\":[]}]",
            "cpu": "512",
            "ephemeral_storage": [],
            "execution_role_arn": "arn:aws:iam::733338247552:role/LabRole",
            "family": "auth-service",
            "id": "auth-service",
            "inference_accelerator": [],
            "ipc_mode": "",
            "memory": "1024",
            "network_mode": "awsvpc",
            "pid_mode": "",
            "placement_constraints": [],
            "proxy_configuration": [],
            "requires_compatibilities": [
              "FARGATE"
            ],
            "revision": 14,
            "runtime_platform": [],
            "skip_destroy": false,
            "tags": null,
            "tags_all": {},
            "task_role_arn": "",
            "volume": []
          },
          "sensitive_attributes": [],
          "private": "eyJzY2hlbWFfdmVyc2lvbiI6IjEifQ==",
          "dependencies": [
            "module.chat_db.aws_db_instance.db",
            "module.cognito.aws_cognito_user_pool.pool",
            "module.cognito.aws_cognito_user_pool_client.client",
            "module.fargate.aws_lb.app",
            "module.network.aws_security_group.backend_sg",
            "module.network.aws_security_group.db_sg",
            "module.notification_db.aws_dynamodb_table.notification_log",
            "module.notification_sns_topic.aws_sns_topic.email_notifications",
            "module.storage.aws_s3_bucket.app-bucket",
            "module.user_added_queue.aws_sqs_queue.queue",
            "module.user_db.aws_db_instance.db",
            "module.user_registered_queue.aws_sqs_queue.queue"
          ]
        },
        {
          "index_key": "chat-service",
          "schema_version": 1,
          "attributes": {
            "arn": "arn:aws:ecs:us-east-1:733338247552:task-definition/chat-service:14",
            "arn_without_revision": "arn:aws:ecs:us-east-1:733338247552:task-definition/chat-service",
            "container_definitions": "[{\"cpu\":0,\"environment\":[{\"name\":\"API_URL\",\"value\":\"http://text-messenger-alb-659212057.us-east-1.elb.amazonaws.com/api\"},{\"name\":\"AWS_ACCESS_KEY_ID\",\"value\":\"ASIA2VPS5UGAGOH77AKJ\"},{\"name\":\"AWS_COGNITO_CLIENT_ID\",\"value\":\"5frodoumf69djh66osg2273jg8\"},{\"name\":\"AWS_REGION\",\"value\":\"us-east-1\"},{\"name\":\"AWS_SECRET_ACCESS_KEY\",\"value\":\"P3CbmNQJPgclBajKx18EL80dvBYcQYzNSrFkPK9Q\"},{\"name\":\"AWS_SESSION_TOKEN\",\"value\":\"IQoJb3JpZ2luX2VjEMf//////////wEaCXVzLXdlc3QtMiJHMEUCIArLH0NAmmg0MlQOrOQM/sQvhDFPr6UN73VemoVbQy82AiEA+mFIiyWJmr9dmIUOkmKDUVJJZ+r7UAWIh3qcRkcbkdkqvAIIgP//////////ARAAGgw3MzMzMzgyNDc1NTIiDEH7ybid/61H8yOUUCqQAs9y1Cox1vpthnMg3wRQs9QoiHP2Fe3RKDM4jlLzyblQAoYwgjLEKtamfMQUH30NbMqVpgwVgInrR8oLW82ZaaD6AqoD5qJyFkgwwxdUL/5q9jdUrNx8zdBhIu0swvXQQo+94c46WmbdXp8B1X2CxNRON/Bhw7zwd0fAzUCBoU5TZPUMxvHdXTXSp/SXzoQzYpz77bf2v12/xh1uhthVq54Tx21FzoGd+p6LBTcoJfh0a1LZALgky8iG51iLZ/qeGlceIOBURe7ga/AgvLX9eps39auEOsTbjrsBP14w5FrMMkM4XR5Lhp1Rl+uyBw3y6P0Q/zwM0OyQ3P+ixqDk0rk+HoOMmo2nC19bxaaKT4TCMLDOqcEGOp0BDcJbdsumf6RRAeXUvKtbRaVH598nAMHTAvm+J5mBQg4sGwgRoNIxAWH1ywc4y7OWS3mlLcyGKrNwtSp+flMmin9YyhUfxRMkWVw9yZVG9TroWU8A+c/l9EoGyirTTftcCmxmdCj/nNjpXity9U7aJuF8zS0SJ93jfezXVCGt/SRn86oo3dj+Mjjc7qo4To0JinLakyi2JYgcDkiuAA==\"},{\"name\":\"AWS_SQS_QUEUE_URL\",\"value\":\"https://sqs.us-east-1.amazonaws.com/733338247552/user_added_queue\"},{\"name\":\"AWS_USER_POOL_ID\",\"value\":\"us-east-1_EaRyQGgsO\"},{\"name\":\"DATABASE_URL\",\"value\":\"ecto://dbuser:dbpassword@chat-service-db.ccsly5evhdma.us-east-1.rds.amazonaws.com:5432/chat_service\"},{\"name\":\"MIX_ENV\",\"value\":\"prod\"},{\"name\":\"PHX_HOST\",\"value\":\"text-messenger-alb-659212057.us-east-1.elb.amazonaws.com\"},{\"name\":\"PHX_SERVER\",\"value\":\"true\"},{\"name\":\"PORT\",\"value\":\"4002\"},{\"name\":\"SOCKET_URL\",\"value\":\"ws://text-messenger-alb-659212057.us-east-1.elb.amazonaws.com/socket/websocket\"}],\"essential\":true,\"image\":\"733338247552.dkr.ecr.us-east-1.amazonaws.com/264127/chat-service:latest\",\"logConfiguration\":{\"logDriver\":\"awslogs\",\"options\":{\"awslogs-group\":\"/ecs/chat-service\",\"awslogs-region\":\"us-east-1\",\"awslogs-stream-prefix\":\"chat-service\"}},\"mountPoints\":[],\"name\":\"chat-service\",\"portMappings\":[{\"containerPort\":4002,\"hostPort\":4002,\"protocol\":\"tcp\"}],\"systemControls\":[],\"volumesFrom\":[]}]",
            "cpu": "512",
            "ephemeral_storage": [],
            "execution_role_arn": "arn:aws:iam::733338247552:role/LabRole",
            "family": "chat-service",
            "id": "chat-service",
            "inference_accelerator": [],
            "ipc_mode": "",
            "memory": "1024",
            "network_mode": "awsvpc",
            "pid_mode": "",
            "placement_constraints": [],
            "proxy_configuration": [],
            "requires_compatibilities": [
              "FARGATE"
            ],
            "revision": 14,
            "runtime_platform": [],
            "skip_destroy": false,
            "tags": null,
            "tags_all": {},
            "task_role_arn": "",
            "volume": []
          },
          "sensitive_attributes": [
            [
              {
                "type": "get_attr",
                "value": "container_definitions"
              }
            ]
          ],
          "private": "eyJzY2hlbWFfdmVyc2lvbiI6IjEifQ==",
          "dependencies": [
            "module.chat_db.aws_db_instance.db",
            "module.cognito.aws_cognito_user_pool.pool",
            "module.cognito.aws_cognito_user_pool_client.client",
            "module.fargate.aws_lb.app",
            "module.network.aws_security_group.backend_sg",
            "module.network.aws_security_group.db_sg",
            "module.notification_db.aws_dynamodb_table.notification_log",
            "module.notification_sns_topic.aws_sns_topic.email_notifications",
            "module.storage.aws_s3_bucket.app-bucket",
            "module.user_added_queue.aws_sqs_queue.queue",
            "module.user_db.aws_db_instance.db",
            "module.user_registered_queue.aws_sqs_queue.queue"
          ]
        },
        {
          "index_key": "file-service",
          "schema_version": 1,
          "attributes": {
            "arn": "arn:aws:ecs:us-east-1:733338247552:task-definition/file-service:4",
            "arn_without_revision": "arn:aws:ecs:us-east-1:733338247552:task-definition/file-service",
            "container_definitions": "[{\"cpu\":0,\"environment\":[{\"name\":\"API_URL\",\"value\":\"http://text-messenger-alb-659212057.us-east-1.elb.amazonaws.com/api\"},{\"name\":\"AWS_ACCESS_KEY_ID\",\"value\":\"ASIA2VPS5UGAGOH77AKJ\"},{\"name\":\"AWS_BUCKET\",\"value\":\"264127-app\"},{\"name\":\"AWS_COGNITO_CLIENT_ID\",\"value\":\"5frodoumf69djh66osg2273jg8\"},{\"name\":\"AWS_REGION\",\"value\":\"us-east-1\"},{\"name\":\"AWS_SECRET_ACCESS_KEY\",\"value\":\"P3CbmNQJPgclBajKx18EL80dvBYcQYzNSrFkPK9Q\"},{\"name\":\"AWS_SESSION_TOKEN\",\"value\":\"IQoJb3JpZ2luX2VjEMf//////////wEaCXVzLXdlc3QtMiJHMEUCIArLH0NAmmg0MlQOrOQM/sQvhDFPr6UN73VemoVbQy82AiEA+mFIiyWJmr9dmIUOkmKDUVJJZ+r7UAWIh3qcRkcbkdkqvAIIgP//////////ARAAGgw3MzMzMzgyNDc1NTIiDEH7ybid/61H8yOUUCqQAs9y1Cox1vpthnMg3wRQs9QoiHP2Fe3RKDM4jlLzyblQAoYwgjLEKtamfMQUH30NbMqVpgwVgInrR8oLW82ZaaD6AqoD5qJyFkgwwxdUL/5q9jdUrNx8zdBhIu0swvXQQo+94c46WmbdXp8B1X2CxNRON/Bhw7zwd0fAzUCBoU5TZPUMxvHdXTXSp/SXzoQzYpz77bf2v12/xh1uhthVq54Tx21FzoGd+p6LBTcoJfh0a1LZALgky8iG51iLZ/qeGlceIOBURe7ga/AgvLX9eps39auEOsTbjrsBP14w5FrMMkM4XR5Lhp1Rl+uyBw3y6P0Q/zwM0OyQ3P+ixqDk0rk+HoOMmo2nC19bxaaKT4TCMLDOqcEGOp0BDcJbdsumf6RRAeXUvKtbRaVH598nAMHTAvm+J5mBQg4sGwgRoNIxAWH1ywc4y7OWS3mlLcyGKrNwtSp+flMmin9YyhUfxRMkWVw9yZVG9TroWU8A+c/l9EoGyirTTftcCmxmdCj/nNjpXity9U7aJuF8zS0SJ93jfezXVCGt/SRn86oo3dj+Mjjc7qo4To0JinLakyi2JYgcDkiuAA==\"},{\"name\":\"AWS_USER_POOL_ID\",\"value\":\"us-east-1_EaRyQGgsO\"},{\"name\":\"MIX_ENV\",\"value\":\"prod\"},{\"name\":\"PHX_HOST\",\"value\":\"text-messenger-alb-659212057.us-east-1.elb.amazonaws.com\"},{\"name\":\"PHX_SERVER\",\"value\":\"true\"},{\"name\":\"PORT\",\"value\":\"4003\"},{\"name\":\"SOCKET_URL\",\"value\":\"ws://text-messenger-alb-659212057.us-east-1.elb.amazonaws.com/socket/websocket\"}],\"essential\":true,\"image\":\"733338247552.dkr.ecr.us-east-1.amazonaws.com/264127/file-service:latest\",\"logConfiguration\":{\"logDriver\":\"awslogs\",\"options\":{\"awslogs-group\":\"/ecs/file-service\",\"awslogs-region\":\"us-east-1\",\"awslogs-stream-prefix\":\"file-service\"}},\"mountPoints\":[],\"name\":\"file-service\",\"portMappings\":[{\"containerPort\":4003,\"hostPort\":4003,\"protocol\":\"tcp\"}],\"systemControls\":[],\"volumesFrom\":[]}]",
            "cpu": "512",
            "ephemeral_storage": [],
            "execution_role_arn": "arn:aws:iam::733338247552:role/LabRole",
            "family": "file-service",
            "id": "file-service",
            "inference_accelerator": [],
            "ipc_mode": "",
            "memory": "1024",
            "network_mode": "awsvpc",
            "pid_mode": "",
            "placement_constraints": [],
            "proxy_configuration": [],
            "requires_compatibilities": [
              "FARGATE"
            ],
            "revision": 4,
            "runtime_platform": [],
            "skip_destroy": false,
            "tags": null,
            "tags_all": {},
            "task_role_arn": "",
            "volume": []
          },
          "sensitive_attributes": [],
          "private": "eyJzY2hlbWFfdmVyc2lvbiI6IjEifQ==",
          "dependencies": [
            "module.chat_db.aws_db_instance.db",
            "module.cognito.aws_cognito_user_pool.pool",
            "module.cognito.aws_cognito_user_pool_client.client",
            "module.fargate.aws_lb.app",
            "module.network.aws_security_group.backend_sg",
            "module.network.aws_security_group.db_sg",
            "module.notification_db.aws_dynamodb_table.notification_log",
            "module.notification_sns_topic.aws_sns_topic.email_notifications",
            "module.storage.aws_s3_bucket.app-bucket",
            "module.user_added_queue.aws_sqs_queue.queue",
            "module.user_db.aws_db_instance.db",
            "module.user_registered_queue.aws_sqs_queue.queue"
          ]
        },
        {
          "index_key": "frontend",
          "schema_version": 1,
          "attributes": {
            "arn": "arn:aws:ecs:us-east-1:733338247552:task-definition/frontend:9",
            "arn_without_revision": "arn:aws:ecs:us-east-1:733338247552:task-definition/frontend",
            "container_definitions": "[{\"cpu\":0,\"environment\":[{\"name\":\"API_URL\",\"value\":\"http://text-messenger-alb-659212057.us-east-1.elb.amazonaws.com/api\"},{\"name\":\"PHX_HOST\",\"value\":\"text-messenger-alb-659212057.us-east-1.elb.amazonaws.com\"},{\"name\":\"PHX_SERVER\",\"value\":\"true\"},{\"name\":\"PORT\",\"value\":\"8888\"},{\"name\":\"SOCKET_URL\",\"value\":\"ws://text-messenger-alb-659212057.us-east-1.elb.amazonaws.com/socket/websocket\"}],\"essential\":true,\"image\":\"733338247552.dkr.ecr.us-east-1.amazonaws.com/264127/frontend:latest\",\"logConfiguration\":{\"logDriver\":\"awslogs\",\"options\":{\"awslogs-group\":\"/ecs/frontend\",\"awslogs-region\":\"us-east-1\",\"awslogs-stream-prefix\":\"frontend\"}},\"mountPoints\":[],\"name\":\"frontend\",\"portMappings\":[{\"containerPort\":8888,\"hostPort\":8888,\"protocol\":\"tcp\"}],\"systemControls\":[],\"volumesFrom\":[]}]",
            "cpu": "512",
            "ephemeral_storage": [],
            "execution_role_arn": "arn:aws:iam::733338247552:role/LabRole",
            "family": "frontend",
            "id": "frontend",
            "inference_accelerator": [],
            "ipc_mode": "",
            "memory": "1024",
            "network_mode": "awsvpc",
            "pid_mode": "",
            "placement_constraints": [],
            "proxy_configuration": [],
            "requires_compatibilities": [
              "FARGATE"
            ],
            "revision": 9,
            "runtime_platform": [],
            "skip_destroy": false,
            "tags": null,
            "tags_all": {},
            "task_role_arn": "",
            "volume": []
          },
          "sensitive_attributes": [],
          "private": "eyJzY2hlbWFfdmVyc2lvbiI6IjEifQ==",
          "dependencies": [
            "module.chat_db.aws_db_instance.db",
            "module.cognito.aws_cognito_user_pool.pool",
            "module.cognito.aws_cognito_user_pool_client.client",
            "module.fargate.aws_lb.app",
            "module.network.aws_security_group.backend_sg",
            "module.network.aws_security_group.db_sg",
            "module.notification_db.aws_dynamodb_table.notification_log",
            "module.notification_sns_topic.aws_sns_topic.email_notifications",
            "module.storage.aws_s3_bucket.app-bucket",
            "module.user_added_queue.aws_sqs_queue.queue",
            "module.user_db.aws_db_instance.db",
            "module.user_registered_queue.aws_sqs_queue.queue"
          ]
        },
        {
          "index_key": "notification-service",
          "schema_version": 1,
          "attributes": {
            "arn": "arn:aws:ecs:us-east-1:733338247552:task-definition/notification-service:5",
            "arn_without_revision": "arn:aws:ecs:us-east-1:733338247552:task-definition/notification-service",
            "container_definitions": "[{\"cpu\":0,\"environment\":[{\"name\":\"API_URL\",\"value\":\"http://text-messenger-alb-659212057.us-east-1.elb.amazonaws.com/api\"},{\"name\":\"AWS_ACCESS_KEY_ID\",\"value\":\"ASIA2VPS5UGAGOH77AKJ\"},{\"name\":\"AWS_REGION\",\"value\":\"us-east-1\"},{\"name\":\"AWS_SECRET_ACCESS_KEY\",\"value\":\"P3CbmNQJPgclBajKx18EL80dvBYcQYzNSrFkPK9Q\"},{\"name\":\"AWS_SESSION_TOKEN\",\"value\":\"IQoJb3JpZ2luX2VjEMf//////////wEaCXVzLXdlc3QtMiJHMEUCIArLH0NAmmg0MlQOrOQM/sQvhDFPr6UN73VemoVbQy82AiEA+mFIiyWJmr9dmIUOkmKDUVJJZ+r7UAWIh3qcRkcbkdkqvAIIgP//////////ARAAGgw3MzMzMzgyNDc1NTIiDEH7ybid/61H8yOUUCqQAs9y1Cox1vpthnMg3wRQs9QoiHP2Fe3RKDM4jlLzyblQAoYwgjLEKtamfMQUH30NbMqVpgwVgInrR8oLW82ZaaD6AqoD5qJyFkgwwxdUL/5q9jdUrNx8zdBhIu0swvXQQo+94c46WmbdXp8B1X2CxNRON/Bhw7zwd0fAzUCBoU5TZPUMxvHdXTXSp/SXzoQzYpz77bf2v12/xh1uhthVq54Tx21FzoGd+p6LBTcoJfh0a1LZALgky8iG51iLZ/qeGlceIOBURe7ga/AgvLX9eps39auEOsTbjrsBP14w5FrMMkM4XR5Lhp1Rl+uyBw3y6P0Q/zwM0OyQ3P+ixqDk0rk+HoOMmo2nC19bxaaKT4TCMLDOqcEGOp0BDcJbdsumf6RRAeXUvKtbRaVH598nAMHTAvm+J5mBQg4sGwgRoNIxAWH1ywc4y7OWS3mlLcyGKrNwtSp+flMmin9YyhUfxRMkWVw9yZVG9TroWU8A+c/l9EoGyirTTftcCmxmdCj/nNjpXity9U7aJuF8zS0SJ93jfezXVCGt/SRn86oo3dj+Mjjc7qo4To0JinLakyi2JYgcDkiuAA==\"},{\"name\":\"AWS_SQS_QUEUE_URL\",\"value\":\"https://sqs.us-east-1.amazonaws.com/733338247552/user_added_queue\"},{\"name\":\"MIX_ENV\",\"value\":\"prod\"},{\"name\":\"NOTIFICATION_LOG_TABLE\",\"value\":\"notification-log\"},{\"name\":\"PHX_HOST\",\"value\":\"text-messenger-alb-659212057.us-east-1.elb.amazonaws.com\"},{\"name\":\"PHX_SERVER\",\"value\":\"true\"},{\"name\":\"PORT\",\"value\":\"4004\"},{\"name\":\"SNS_EMAIL_TOPIC_ARN\",\"value\":\"arn:aws:sns:us-east-1:733338247552:email-notifications\"},{\"name\":\"SOCKET_URL\",\"value\":\"ws://text-messenger-alb-659212057.us-east-1.elb.amazonaws.com/socket/websocket\"}],\"essential\":true,\"image\":\"733338247552.dkr.ecr.us-east-1.amazonaws.com/264127/notification-service:latest\",\"logConfiguration\":{\"logDriver\":\"awslogs\",\"options\":{\"awslogs-group\":\"/ecs/notification-service\",\"awslogs-region\":\"us-east-1\",\"awslogs-stream-prefix\":\"notification-service\"}},\"mountPoints\":[],\"name\":\"notification-service\",\"portMappings\":[{\"containerPort\":4004,\"hostPort\":4004,\"protocol\":\"tcp\"}],\"systemControls\":[],\"volumesFrom\":[]}]",
            "cpu": "512",
            "ephemeral_storage": [],
            "execution_role_arn": "arn:aws:iam::733338247552:role/LabRole",
            "family": "notification-service",
            "id": "notification-service",
            "inference_accelerator": [],
            "ipc_mode": "",
            "memory": "1024",
            "network_mode": "awsvpc",
            "pid_mode": "",
            "placement_constraints": [],
            "proxy_configuration": [],
            "requires_compatibilities": [
              "FARGATE"
            ],
            "revision": 5,
            "runtime_platform": [],
            "skip_destroy": false,
            "tags": null,
            "tags_all": {},
            "task_role_arn": "",
            "volume": []
          },
          "sensitive_attributes": [],
          "private": "eyJzY2hlbWFfdmVyc2lvbiI6IjEifQ==",
          "dependencies": [
            "module.chat_db.aws_db_instance.db",
            "module.cognito.aws_cognito_user_pool.pool",
            "module.cognito.aws_cognito_user_pool_client.client",
            "module.fargate.aws_lb.app",
            "module.network.aws_security_group.backend_sg",
            "module.network.aws_security_group.db_sg",
            "module.notification_db.aws_dynamodb_table.notification_log",
            "module.notification_sns_topic.aws_sns_topic.email_notifications",
            "module.storage.aws_s3_bucket.app-bucket",
            "module.user_added_queue.aws_sqs_queue.queue",
            "module.user_db.aws_db_instance.db",
            "module.user_registered_queue.aws_sqs_queue.queue"
          ]
        },
        {
          "index_key": "user-service",
          "schema_version": 1,
          "attributes": {
            "arn": "arn:aws:ecs:us-east-1:733338247552:task-definition/user-service:14",
            "arn_without_revision": "arn:aws:ecs:us-east-1:733338247552:task-definition/user-service",
            "container_definitions": "[{\"cpu\":0,\"environment\":[{\"name\":\"API_URL\",\"value\":\"http://text-messenger-alb-659212057.us-east-1.elb.amazonaws.com/api\"},{\"name\":\"AWS_ACCESS_KEY_ID\",\"value\":\"ASIA2VPS5UGAGOH77AKJ\"},{\"name\":\"AWS_COGNITO_CLIENT_ID\",\"value\":\"5frodoumf69djh66osg2273jg8\"},{\"name\":\"AWS_REGION\",\"value\":\"us-east-1\"},{\"name\":\"AWS_SECRET_ACCESS_KEY\",\"value\":\"P3CbmNQJPgclBajKx18EL80dvBYcQYzNSrFkPK9Q\"},{\"name\":\"AWS_SESSION_TOKEN\",\"value\":\"IQoJb3JpZ2luX2VjEMf//////////wEaCXVzLXdlc3QtMiJHMEUCIArLH0NAmmg0MlQOrOQM/sQvhDFPr6UN73VemoVbQy82AiEA+mFIiyWJmr9dmIUOkmKDUVJJZ+r7UAWIh3qcRkcbkdkqvAIIgP//////////ARAAGgw3MzMzMzgyNDc1NTIiDEH7ybid/61H8yOUUCqQAs9y1Cox1vpthnMg3wRQs9QoiHP2Fe3RKDM4jlLzyblQAoYwgjLEKtamfMQUH30NbMqVpgwVgInrR8oLW82ZaaD6AqoD5qJyFkgwwxdUL/5q9jdUrNx8zdBhIu0swvXQQo+94c46WmbdXp8B1X2CxNRON/Bhw7zwd0fAzUCBoU5TZPUMxvHdXTXSp/SXzoQzYpz77bf2v12/xh1uhthVq54Tx21FzoGd+p6LBTcoJfh0a1LZALgky8iG51iLZ/qeGlceIOBURe7ga/AgvLX9eps39auEOsTbjrsBP14w5FrMMkM4XR5Lhp1Rl+uyBw3y6P0Q/zwM0OyQ3P+ixqDk0rk+HoOMmo2nC19bxaaKT4TCMLDOqcEGOp0BDcJbdsumf6RRAeXUvKtbRaVH598nAMHTAvm+J5mBQg4sGwgRoNIxAWH1ywc4y7OWS3mlLcyGKrNwtSp+flMmin9YyhUfxRMkWVw9yZVG9TroWU8A+c/l9EoGyirTTftcCmxmdCj/nNjpXity9U7aJuF8zS0SJ93jfezXVCGt/SRn86oo3dj+Mjjc7qo4To0JinLakyi2JYgcDkiuAA==\"},{\"name\":\"AWS_SQS_QUEUE_URL\",\"value\":\"https://sqs.us-east-1.amazonaws.com/733338247552/user_registered_queue\"},{\"name\":\"AWS_USER_POOL_ID\",\"value\":\"us-east-1_EaRyQGgsO\"},{\"name\":\"DATABASE_URL\",\"value\":\"ecto://dbuser:dbpassword@user-service-db.ccsly5evhdma.us-east-1.rds.amazonaws.com:5432/user_service\"},{\"name\":\"MIX_ENV\",\"value\":\"prod\"},{\"name\":\"PHX_HOST\",\"value\":\"text-messenger-alb-659212057.us-east-1.elb.amazonaws.com\"},{\"name\":\"PHX_SERVER\",\"value\":\"true\"},{\"name\":\"PORT\",\"value\":\"4001\"},{\"name\":\"SOCKET_URL\",\"value\":\"ws://text-messenger-alb-659212057.us-east-1.elb.amazonaws.com/socket/websocket\"}],\"essential\":true,\"image\":\"733338247552.dkr.ecr.us-east-1.amazonaws.com/264127/user-service:latest\",\"logConfiguration\":{\"logDriver\":\"awslogs\",\"options\":{\"awslogs-group\":\"/ecs/user-service\",\"awslogs-region\":\"us-east-1\",\"awslogs-stream-prefix\":\"user-service\"}},\"mountPoints\":[],\"name\":\"user-service\",\"portMappings\":[{\"containerPort\":4001,\"hostPort\":4001,\"protocol\":\"tcp\"}],\"systemControls\":[],\"volumesFrom\":[]}]",
            "cpu": "512",
            "ephemeral_storage": [],
            "execution_role_arn": "arn:aws:iam::733338247552:role/LabRole",
            "family": "user-service",
            "id": "user-service",
            "inference_accelerator": [],
            "ipc_mode": "",
            "memory": "1024",
            "network_mode": "awsvpc",
            "pid_mode": "",
            "placement_constraints": [],
            "proxy_configuration": [],
            "requires_compatibilities": [
              "FARGATE"
            ],
            "revision": 14,
            "runtime_platform": [],
            "skip_destroy": false,
            "tags": null,
            "tags_all": {},
            "task_role_arn": "",
            "volume": []
          },
          "sensitive_attributes": [
            [
              {
                "type": "get_attr",
                "value": "container_definitions"
              }
            ]
          ],
          "private": "eyJzY2hlbWFfdmVyc2lvbiI6IjEifQ==",
          "dependencies": [
            "module.chat_db.aws_db_instance.db",
            "module.cognito.aws_cognito_user_pool.pool",
            "module.cognito.aws_cognito_user_pool_client.client",
            "module.fargate.aws_lb.app",
            "module.network.aws_security_group.backend_sg",
            "module.network.aws_security_group.db_sg",
            "module.notification_db.aws_dynamodb_table.notification_log",
            "module.notification_sns_topic.aws_sns_topic.email_notifications",
            "module.storage.aws_s3_bucket.app-bucket",
            "module.user_added_queue.aws_sqs_queue.queue",
            "module.user_db.aws_db_instance.db",
            "module.user_registered_queue.aws_sqs_queue.queue"
          ]
        }
      ]
    },
    {
      "module": "module.fargate",
      "mode": "managed",
      "type": "aws_lb",
      "name": "app",
      "provider": "provider[\"registry.terraform.io/hashicorp/aws\"]",
      "instances": [
        {
          "schema_version": 0,
          "attributes": {
            "access_logs": [
              {
                "bucket": "",
                "enabled": false,
                "prefix": ""
              }
            ],
            "arn": "arn:aws:elasticloadbalancing:us-east-1:733338247552:loadbalancer/app/text-messenger-alb/8851090500be50a5",
            "arn_suffix": "app/text-messenger-alb/8851090500be50a5",
            "customer_owned_ipv4_pool": "",
            "desync_mitigation_mode": "defensive",
            "dns_name": "text-messenger-alb-659212057.us-east-1.elb.amazonaws.com",
            "drop_invalid_header_fields": false,
            "enable_cross_zone_load_balancing": true,
            "enable_deletion_protection": false,
            "enable_http2": true,
            "enable_tls_version_and_cipher_suite_headers": false,
            "enable_waf_fail_open": false,
            "enable_xff_client_port": false,
            "id": "arn:aws:elasticloadbalancing:us-east-1:733338247552:loadbalancer/app/text-messenger-alb/8851090500be50a5",
            "idle_timeout": 60,
            "internal": false,
            "ip_address_type": "ipv4",
            "load_balancer_type": "application",
            "name": "text-messenger-alb",
            "name_prefix": null,
            "preserve_host_header": false,
            "security_groups": [
              "sg-0b5aac50b74973bd1"
            ],
            "subnet_mapping": [
              {
                "allocation_id": "",
                "ipv6_address": "",
                "outpost_id": "",
                "private_ipv4_address": "",
                "subnet_id": "subnet-0123874b5fd028997"
              },
              {
                "allocation_id": "",
                "ipv6_address": "",
                "outpost_id": "",
                "private_ipv4_address": "",
                "subnet_id": "subnet-03b4cc603aa595cb0"
              },
              {
                "allocation_id": "",
                "ipv6_address": "",
                "outpost_id": "",
                "private_ipv4_address": "",
                "subnet_id": "subnet-04f6ebfa3a0c780fb"
              },
              {
                "allocation_id": "",
                "ipv6_address": "",
                "outpost_id": "",
                "private_ipv4_address": "",
                "subnet_id": "subnet-067c4fef793582ca1"
              },
              {
                "allocation_id": "",
                "ipv6_address": "",
                "outpost_id": "",
                "private_ipv4_address": "",
                "subnet_id": "subnet-0caa6754f16c670d1"
              },
              {
                "allocation_id": "",
                "ipv6_address": "",
                "outpost_id": "",
                "private_ipv4_address": "",
                "subnet_id": "subnet-0f1bed8df8b8649a3"
              }
            ],
            "subnets": [
              "subnet-0123874b5fd028997",
              "subnet-03b4cc603aa595cb0",
              "subnet-04f6ebfa3a0c780fb",
              "subnet-067c4fef793582ca1",
              "subnet-0caa6754f16c670d1",
              "subnet-0f1bed8df8b8649a3"
            ],
            "tags": null,
            "tags_all": {},
            "timeouts": null,
            "vpc_id": "vpc-03f83890770cf601e",
            "xff_header_processing_mode": "append",
            "zone_id": "Z35SXDOTRQ7X7K"
          },
          "sensitive_attributes": [],
          "private": "eyJlMmJmYjczMC1lY2FhLTExZTYtOGY4OC0zNDM2M2JjN2M0YzAiOnsiY3JlYXRlIjo2MDAwMDAwMDAwMDAsImRlbGV0ZSI6NjAwMDAwMDAwMDAwLCJ1cGRhdGUiOjYwMDAwMDAwMDAwMH19",
          "dependencies": [
            "module.network.aws_security_group.backend_sg"
          ]
        }
      ]
    },
    {
      "module": "module.fargate",
      "mode": "managed",
      "type": "aws_lb_listener",
      "name": "http",
      "provider": "provider[\"registry.terraform.io/hashicorp/aws\"]",
      "instances": [
        {
          "schema_version": 0,
          "attributes": {
            "alpn_policy": null,
            "arn": "arn:aws:elasticloadbalancing:us-east-1:733338247552:listener/app/text-messenger-alb/8851090500be50a5/72c21cc19a674f9b",
            "certificate_arn": null,
            "default_action": [
              {
                "authenticate_cognito": [],
                "authenticate_oidc": [],
                "fixed_response": [
                  {
                    "content_type": "text/plain",
                    "message_body": "Not Found",
                    "status_code": "404"
                  }
                ],
                "forward": [],
                "order": 1,
                "redirect": [],
                "target_group_arn": "",
                "type": "fixed-response"
              }
            ],
            "id": "arn:aws:elasticloadbalancing:us-east-1:733338247552:listener/app/text-messenger-alb/8851090500be50a5/72c21cc19a674f9b",
            "load_balancer_arn": "arn:aws:elasticloadbalancing:us-east-1:733338247552:loadbalancer/app/text-messenger-alb/8851090500be50a5",
            "port": 80,
            "protocol": "HTTP",
            "ssl_policy": "",
            "tags": null,
            "tags_all": {},
            "timeouts": null
          },
          "sensitive_attributes": [],
          "private": "eyJlMmJmYjczMC1lY2FhLTExZTYtOGY4OC0zNDM2M2JjN2M0YzAiOnsicmVhZCI6NjAwMDAwMDAwMDAwfX0=",
          "dependencies": [
            "module.fargate.aws_lb.app",
            "module.network.aws_security_group.backend_sg"
          ]
        }
      ]
    },
    {
      "module": "module.fargate",
      "mode": "managed",
      "type": "aws_lb_listener_rule",
      "name": "auth",
      "provider": "provider[\"registry.terraform.io/hashicorp/aws\"]",
      "instances": [
        {
          "schema_version": 0,
          "attributes": {
            "action": [
              {
                "authenticate_cognito": [],
                "authenticate_oidc": [],
                "fixed_response": [],
                "forward": [],
                "order": 1,
                "redirect": [],
                "target_group_arn": "arn:aws:elasticloadbalancing:us-east-1:733338247552:targetgroup/tg-auth-service/54aa71af7af9ceb0",
                "type": "forward"
              }
            ],
            "arn": "arn:aws:elasticloadbalancing:us-east-1:733338247552:listener-rule/app/text-messenger-alb/8851090500be50a5/72c21cc19a674f9b/7191e327a1cd6cf5",
            "condition": [
              {
                "host_header": [],
                "http_header": [],
                "http_request_method": [],
                "path_pattern": [
                  {
                    "values": [
                      "/api/auth/*"
                    ]
                  }
                ],
                "query_string": [],
                "source_ip": []
              }
            ],
            "id": "arn:aws:elasticloadbalancing:us-east-1:733338247552:listener-rule/app/text-messenger-alb/8851090500be50a5/72c21cc19a674f9b/7191e327a1cd6cf5",
            "listener_arn": "arn:aws:elasticloadbalancing:us-east-1:733338247552:listener/app/text-messenger-alb/8851090500be50a5/72c21cc19a674f9b",
            "priority": 10,
            "tags": null,
            "tags_all": {}
          },
          "sensitive_attributes": [],
          "private": "bnVsbA==",
          "dependencies": [
            "module.fargate.aws_lb.app",
            "module.fargate.aws_lb_listener.http",
            "module.fargate.aws_lb_target_group.tg",
            "module.network.aws_security_group.backend_sg"
          ]
        }
      ]
    },
    {
      "module": "module.fargate",
      "mode": "managed",
      "type": "aws_lb_listener_rule",
      "name": "chat",
      "provider": "provider[\"registry.terraform.io/hashicorp/aws\"]",
      "instances": [
        {
          "schema_version": 0,
          "attributes": {
            "action": [
              {
                "authenticate_cognito": [],
                "authenticate_oidc": [],
                "fixed_response": [],
                "forward": [],
                "order": 1,
                "redirect": [],
                "target_group_arn": "arn:aws:elasticloadbalancing:us-east-1:733338247552:targetgroup/tg-chat-service/832aaba4b1e85152",
                "type": "forward"
              }
            ],
            "arn": "arn:aws:elasticloadbalancing:us-east-1:733338247552:listener-rule/app/text-messenger-alb/8851090500be50a5/72c21cc19a674f9b/577def42d230ec79",
            "condition": [
              {
                "host_header": [],
                "http_header": [],
                "http_request_method": [],
                "path_pattern": [
                  {
                    "values": [
                      "/api/chats/*"
                    ]
                  }
                ],
                "query_string": [],
                "source_ip": []
              }
            ],
            "id": "arn:aws:elasticloadbalancing:us-east-1:733338247552:listener-rule/app/text-messenger-alb/8851090500be50a5/72c21cc19a674f9b/577def42d230ec79",
            "listener_arn": "arn:aws:elasticloadbalancing:us-east-1:733338247552:listener/app/text-messenger-alb/8851090500be50a5/72c21cc19a674f9b",
            "priority": 30,
            "tags": null,
            "tags_all": {}
          },
          "sensitive_attributes": [],
          "private": "bnVsbA==",
          "dependencies": [
            "module.fargate.aws_lb.app",
            "module.fargate.aws_lb_listener.http",
            "module.fargate.aws_lb_target_group.tg",
            "module.network.aws_security_group.backend_sg"
          ]
        }
      ]
    },
    {
      "module": "module.fargate",
      "mode": "managed",
      "type": "aws_lb_listener_rule",
      "name": "file",
      "provider": "provider[\"registry.terraform.io/hashicorp/aws\"]",
      "instances": [
        {
          "schema_version": 0,
          "attributes": {
            "action": [
              {
                "authenticate_cognito": [],
                "authenticate_oidc": [],
                "fixed_response": [],
                "forward": [],
                "order": 1,
                "redirect": [],
                "target_group_arn": "arn:aws:elasticloadbalancing:us-east-1:733338247552:targetgroup/tg-file-service/342dfd9e775333f6",
                "type": "forward"
              }
            ],
            "arn": "arn:aws:elasticloadbalancing:us-east-1:733338247552:listener-rule/app/text-messenger-alb/8851090500be50a5/72c21cc19a674f9b/fa0857df0e38c5d6",
            "condition": [
              {
                "host_header": [],
                "http_header": [],
                "http_request_method": [],
                "path_pattern": [
                  {
                    "values": [
                      "/api/files/*"
                    ]
                  }
                ],
                "query_string": [],
                "source_ip": []
              }
            ],
            "id": "arn:aws:elasticloadbalancing:us-east-1:733338247552:listener-rule/app/text-messenger-alb/8851090500be50a5/72c21cc19a674f9b/fa0857df0e38c5d6",
            "listener_arn": "arn:aws:elasticloadbalancing:us-east-1:733338247552:listener/app/text-messenger-alb/8851090500be50a5/72c21cc19a674f9b",
            "priority": 40,
            "tags": null,
            "tags_all": {}
          },
          "sensitive_attributes": [],
          "private": "bnVsbA==",
          "dependencies": [
            "module.fargate.aws_lb.app",
            "module.fargate.aws_lb_listener.http",
            "module.fargate.aws_lb_target_group.tg",
            "module.network.aws_security_group.backend_sg"
          ]
        }
      ]
    },
    {
      "module": "module.fargate",
      "mode": "managed",
      "type": "aws_lb_listener_rule",
      "name": "frontend",
      "provider": "provider[\"registry.terraform.io/hashicorp/aws\"]",
      "instances": [
        {
          "schema_version": 0,
          "attributes": {
            "action": [
              {
                "authenticate_cognito": [],
                "authenticate_oidc": [],
                "fixed_response": [],
                "forward": [],
                "order": 1,
                "redirect": [],
                "target_group_arn": "arn:aws:elasticloadbalancing:us-east-1:733338247552:targetgroup/tg-frontend/bac7f84a3d6caad9",
                "type": "forward"
              }
            ],
            "arn": "arn:aws:elasticloadbalancing:us-east-1:733338247552:listener-rule/app/text-messenger-alb/8851090500be50a5/72c21cc19a674f9b/4cc315b72580dd9f",
            "condition": [
              {
                "host_header": [],
                "http_header": [],
                "http_request_method": [],
                "path_pattern": [
                  {
                    "values": [
                      "/*"
                    ]
                  }
                ],
                "query_string": [],
                "source_ip": []
              }
            ],
            "id": "arn:aws:elasticloadbalancing:us-east-1:733338247552:listener-rule/app/text-messenger-alb/8851090500be50a5/72c21cc19a674f9b/4cc315b72580dd9f",
            "listener_arn": "arn:aws:elasticloadbalancing:us-east-1:733338247552:listener/app/text-messenger-alb/8851090500be50a5/72c21cc19a674f9b",
            "priority": 100,
            "tags": null,
            "tags_all": {}
          },
          "sensitive_attributes": [],
          "private": "bnVsbA==",
          "dependencies": [
            "module.fargate.aws_lb.app",
            "module.fargate.aws_lb_listener.http",
            "module.fargate.aws_lb_target_group.tg",
            "module.network.aws_security_group.backend_sg"
          ]
        }
      ]
    },
    {
      "module": "module.fargate",
      "mode": "managed",
      "type": "aws_lb_listener_rule",
      "name": "notification",
      "provider": "provider[\"registry.terraform.io/hashicorp/aws\"]",
      "instances": [
        {
          "schema_version": 0,
          "attributes": {
            "action": [
              {
                "authenticate_cognito": [],
                "authenticate_oidc": [],
                "fixed_response": [],
                "forward": [],
                "order": 1,
                "redirect": [],
                "target_group_arn": "arn:aws:elasticloadbalancing:us-east-1:733338247552:targetgroup/tg-notification-service/6f538b69210fcaa2",
                "type": "forward"
              }
            ],
            "arn": "arn:aws:elasticloadbalancing:us-east-1:733338247552:listener-rule/app/text-messenger-alb/8851090500be50a5/72c21cc19a674f9b/2f9330f265ca4e1a",
            "condition": [
              {
                "host_header": [],
                "http_header": [],
                "http_request_method": [],
                "path_pattern": [
                  {
                    "values": [
                      "/api/notifications/*"
                    ]
                  }
                ],
                "query_string": [],
                "source_ip": []
              }
            ],
            "id": "arn:aws:elasticloadbalancing:us-east-1:733338247552:listener-rule/app/text-messenger-alb/8851090500be50a5/72c21cc19a674f9b/2f9330f265ca4e1a",
            "listener_arn": "arn:aws:elasticloadbalancing:us-east-1:733338247552:listener/app/text-messenger-alb/8851090500be50a5/72c21cc19a674f9b",
            "priority": 50,
            "tags": null,
            "tags_all": {}
          },
          "sensitive_attributes": [],
          "private": "bnVsbA==",
          "dependencies": [
            "module.fargate.aws_lb.app",
            "module.fargate.aws_lb_listener.http",
            "module.fargate.aws_lb_target_group.tg",
            "module.network.aws_security_group.backend_sg"
          ]
        }
      ]
    },
    {
      "module": "module.fargate",
      "mode": "managed",
      "type": "aws_lb_listener_rule",
      "name": "socket",
      "provider": "provider[\"registry.terraform.io/hashicorp/aws\"]",
      "instances": [
        {
          "schema_version": 0,
          "attributes": {
            "action": [
              {
                "authenticate_cognito": [],
                "authenticate_oidc": [],
                "fixed_response": [],
                "forward": [],
                "order": 1,
                "redirect": [],
                "target_group_arn": "arn:aws:elasticloadbalancing:us-east-1:733338247552:targetgroup/tg-chat-service/832aaba4b1e85152",
                "type": "forward"
              }
            ],
            "arn": "arn:aws:elasticloadbalancing:us-east-1:733338247552:listener-rule/app/text-messenger-alb/8851090500be50a5/72c21cc19a674f9b/7a9e869afe3ebb49",
            "condition": [
              {
                "host_header": [],
                "http_header": [],
                "http_request_method": [],
                "path_pattern": [
                  {
                    "values": [
                      "/socket/websocket"
                    ]
                  }
                ],
                "query_string": [],
                "source_ip": []
              }
            ],
            "id": "arn:aws:elasticloadbalancing:us-east-1:733338247552:listener-rule/app/text-messenger-alb/8851090500be50a5/72c21cc19a674f9b/7a9e869afe3ebb49",
            "listener_arn": "arn:aws:elasticloadbalancing:us-east-1:733338247552:listener/app/text-messenger-alb/8851090500be50a5/72c21cc19a674f9b",
            "priority": 25,
            "tags": null,
            "tags_all": {}
          },
          "sensitive_attributes": [],
          "private": "bnVsbA==",
          "dependencies": [
            "module.fargate.aws_lb.app",
            "module.fargate.aws_lb_listener.http",
            "module.fargate.aws_lb_target_group.tg",
            "module.network.aws_security_group.backend_sg"
          ]
        }
      ]
    },
    {
      "module": "module.fargate",
      "mode": "managed",
      "type": "aws_lb_listener_rule",
      "name": "user",
      "provider": "provider[\"registry.terraform.io/hashicorp/aws\"]",
      "instances": [
        {
          "schema_version": 0,
          "attributes": {
            "action": [
              {
                "authenticate_cognito": [],
                "authenticate_oidc": [],
                "fixed_response": [],
                "forward": [],
                "order": 1,
                "redirect": [],
                "target_group_arn": "arn:aws:elasticloadbalancing:us-east-1:733338247552:targetgroup/tg-user-service/9e7cb39b4c2dcce1",
                "type": "forward"
              }
            ],
            "arn": "arn:aws:elasticloadbalancing:us-east-1:733338247552:listener-rule/app/text-messenger-alb/8851090500be50a5/72c21cc19a674f9b/d0eefe3a990d21f8",
            "condition": [
              {
                "host_header": [],
                "http_header": [],
                "http_request_method": [],
                "path_pattern": [
                  {
                    "values": [
                      "/api/users/*"
                    ]
                  }
                ],
                "query_string": [],
                "source_ip": []
              }
            ],
            "id": "arn:aws:elasticloadbalancing:us-east-1:733338247552:listener-rule/app/text-messenger-alb/8851090500be50a5/72c21cc19a674f9b/d0eefe3a990d21f8",
            "listener_arn": "arn:aws:elasticloadbalancing:us-east-1:733338247552:listener/app/text-messenger-alb/8851090500be50a5/72c21cc19a674f9b",
            "priority": 20,
            "tags": null,
            "tags_all": {}
          },
          "sensitive_attributes": [],
          "private": "bnVsbA==",
          "dependencies": [
            "module.fargate.aws_lb.app",
            "module.fargate.aws_lb_listener.http",
            "module.fargate.aws_lb_target_group.tg",
            "module.network.aws_security_group.backend_sg"
          ]
        }
      ]
    },
    {
      "module": "module.fargate",
      "mode": "managed",
      "type": "aws_lb_target_group",
      "name": "tg",
      "provider": "provider[\"registry.terraform.io/hashicorp/aws\"]",
      "instances": [
        {
          "index_key": "auth-service",
          "schema_version": 0,
          "attributes": {
            "arn": "arn:aws:elasticloadbalancing:us-east-1:733338247552:targetgroup/tg-auth-service/54aa71af7af9ceb0",
            "arn_suffix": "targetgroup/tg-auth-service/54aa71af7af9ceb0",
            "connection_termination": false,
            "deregistration_delay": "300",
            "health_check": [
              {
                "enabled": true,
                "healthy_threshold": 2,
                "interval": 30,
                "matcher": "200-399",
                "path": "/health/",
                "port": "traffic-port",
                "protocol": "HTTP",
                "timeout": 5,
                "unhealthy_threshold": 2
              }
            ],
            "id": "arn:aws:elasticloadbalancing:us-east-1:733338247552:targetgroup/tg-auth-service/54aa71af7af9ceb0",
            "ip_address_type": "ipv4",
            "lambda_multi_value_headers_enabled": false,
            "load_balancing_algorithm_type": "round_robin",
            "load_balancing_cross_zone_enabled": "use_load_balancer_configuration",
            "name": "tg-auth-service",
            "name_prefix": null,
            "port": 4000,
            "preserve_client_ip": null,
            "protocol": "HTTP",
            "protocol_version": "HTTP1",
            "proxy_protocol_v2": false,
            "slow_start": 0,
            "stickiness": [
              {
                "cookie_duration": 86400,
                "cookie_name": "",
                "enabled": false,
                "type": "lb_cookie"
              }
            ],
            "tags": null,
            "tags_all": {},
            "target_failover": [
              {
                "on_deregistration": null,
                "on_unhealthy": null
              }
            ],
            "target_type": "ip",
            "vpc_id": "vpc-03f83890770cf601e"
          },
          "sensitive_attributes": [],
          "private": "bnVsbA=="
        },
        {
          "index_key": "chat-service",
          "schema_version": 0,
          "attributes": {
            "arn": "arn:aws:elasticloadbalancing:us-east-1:733338247552:targetgroup/tg-chat-service/832aaba4b1e85152",
            "arn_suffix": "targetgroup/tg-chat-service/832aaba4b1e85152",
            "connection_termination": false,
            "deregistration_delay": "300",
            "health_check": [
              {
                "enabled": true,
                "healthy_threshold": 2,
                "interval": 30,
                "matcher": "200-399",
                "path": "/health/",
                "port": "traffic-port",
                "protocol": "HTTP",
                "timeout": 5,
                "unhealthy_threshold": 2
              }
            ],
            "id": "arn:aws:elasticloadbalancing:us-east-1:733338247552:targetgroup/tg-chat-service/832aaba4b1e85152",
            "ip_address_type": "ipv4",
            "lambda_multi_value_headers_enabled": false,
            "load_balancing_algorithm_type": "round_robin",
            "load_balancing_cross_zone_enabled": "use_load_balancer_configuration",
            "name": "tg-chat-service",
            "name_prefix": null,
            "port": 4002,
            "preserve_client_ip": null,
            "protocol": "HTTP",
            "protocol_version": "HTTP1",
            "proxy_protocol_v2": false,
            "slow_start": 0,
            "stickiness": [
              {
                "cookie_duration": 86400,
                "cookie_name": "",
                "enabled": false,
                "type": "lb_cookie"
              }
            ],
            "tags": null,
            "tags_all": {},
            "target_failover": [
              {
                "on_deregistration": null,
                "on_unhealthy": null
              }
            ],
            "target_type": "ip",
            "vpc_id": "vpc-03f83890770cf601e"
          },
          "sensitive_attributes": [],
          "private": "bnVsbA=="
        },
        {
          "index_key": "file-service",
          "schema_version": 0,
          "attributes": {
            "arn": "arn:aws:elasticloadbalancing:us-east-1:733338247552:targetgroup/tg-file-service/342dfd9e775333f6",
            "arn_suffix": "targetgroup/tg-file-service/342dfd9e775333f6",
            "connection_termination": false,
            "deregistration_delay": "300",
            "health_check": [
              {
                "enabled": true,
                "healthy_threshold": 2,
                "interval": 30,
                "matcher": "200-399",
                "path": "/health/",
                "port": "traffic-port",
                "protocol": "HTTP",
                "timeout": 5,
                "unhealthy_threshold": 2
              }
            ],
            "id": "arn:aws:elasticloadbalancing:us-east-1:733338247552:targetgroup/tg-file-service/342dfd9e775333f6",
            "ip_address_type": "ipv4",
            "lambda_multi_value_headers_enabled": false,
            "load_balancing_algorithm_type": "round_robin",
            "load_balancing_cross_zone_enabled": "use_load_balancer_configuration",
            "name": "tg-file-service",
            "name_prefix": null,
            "port": 4003,
            "preserve_client_ip": null,
            "protocol": "HTTP",
            "protocol_version": "HTTP1",
            "proxy_protocol_v2": false,
            "slow_start": 0,
            "stickiness": [
              {
                "cookie_duration": 86400,
                "cookie_name": "",
                "enabled": false,
                "type": "lb_cookie"
              }
            ],
            "tags": null,
            "tags_all": {},
            "target_failover": [
              {
                "on_deregistration": null,
                "on_unhealthy": null
              }
            ],
            "target_type": "ip",
            "vpc_id": "vpc-03f83890770cf601e"
          },
          "sensitive_attributes": [],
          "private": "bnVsbA=="
        },
        {
          "index_key": "frontend",
          "schema_version": 0,
          "attributes": {
            "arn": "arn:aws:elasticloadbalancing:us-east-1:733338247552:targetgroup/tg-frontend/bac7f84a3d6caad9",
            "arn_suffix": "targetgroup/tg-frontend/bac7f84a3d6caad9",
            "connection_termination": false,
            "deregistration_delay": "300",
            "health_check": [
              {
                "enabled": true,
                "healthy_threshold": 2,
                "interval": 30,
                "matcher": "200-399",
                "path": "/health/",
                "port": "traffic-port",
                "protocol": "HTTP",
                "timeout": 5,
                "unhealthy_threshold": 2
              }
            ],
            "id": "arn:aws:elasticloadbalancing:us-east-1:733338247552:targetgroup/tg-frontend/bac7f84a3d6caad9",
            "ip_address_type": "ipv4",
            "lambda_multi_value_headers_enabled": false,
            "load_balancing_algorithm_type": "round_robin",
            "load_balancing_cross_zone_enabled": "use_load_balancer_configuration",
            "name": "tg-frontend",
            "name_prefix": null,
            "port": 8888,
            "preserve_client_ip": null,
            "protocol": "HTTP",
            "protocol_version": "HTTP1",
            "proxy_protocol_v2": false,
            "slow_start": 0,
            "stickiness": [
              {
                "cookie_duration": 86400,
                "cookie_name": "",
                "enabled": false,
                "type": "lb_cookie"
              }
            ],
            "tags": null,
            "tags_all": {},
            "target_failover": [
              {
                "on_deregistration": null,
                "on_unhealthy": null
              }
            ],
            "target_type": "ip",
            "vpc_id": "vpc-03f83890770cf601e"
          },
          "sensitive_attributes": [],
          "private": "bnVsbA=="
        },
        {
          "index_key": "notification-service",
          "schema_version": 0,
          "attributes": {
            "arn": "arn:aws:elasticloadbalancing:us-east-1:733338247552:targetgroup/tg-notification-service/6f538b69210fcaa2",
            "arn_suffix": "targetgroup/tg-notification-service/6f538b69210fcaa2",
            "connection_termination": false,
            "deregistration_delay": "300",
            "health_check": [
              {
                "enabled": true,
                "healthy_threshold": 2,
                "interval": 30,
                "matcher": "200-399",
                "path": "/health/",
                "port": "traffic-port",
                "protocol": "HTTP",
                "timeout": 5,
                "unhealthy_threshold": 2
              }
            ],
            "id": "arn:aws:elasticloadbalancing:us-east-1:733338247552:targetgroup/tg-notification-service/6f538b69210fcaa2",
            "ip_address_type": "ipv4",
            "lambda_multi_value_headers_enabled": false,
            "load_balancing_algorithm_type": "round_robin",
            "load_balancing_cross_zone_enabled": "use_load_balancer_configuration",
            "name": "tg-notification-service",
            "name_prefix": null,
            "port": 4004,
            "preserve_client_ip": null,
            "protocol": "HTTP",
            "protocol_version": "HTTP1",
            "proxy_protocol_v2": false,
            "slow_start": 0,
            "stickiness": [
              {
                "cookie_duration": 86400,
                "cookie_name": "",
                "enabled": false,
                "type": "lb_cookie"
              }
            ],
            "tags": null,
            "tags_all": {},
            "target_failover": [
              {
                "on_deregistration": null,
                "on_unhealthy": null
              }
            ],
            "target_type": "ip",
            "vpc_id": "vpc-03f83890770cf601e"
          },
          "sensitive_attributes": [],
          "private": "bnVsbA=="
        },
        {
          "index_key": "user-service",
          "schema_version": 0,
          "attributes": {
            "arn": "arn:aws:elasticloadbalancing:us-east-1:733338247552:targetgroup/tg-user-service/9e7cb39b4c2dcce1",
            "arn_suffix": "targetgroup/tg-user-service/9e7cb39b4c2dcce1",
            "connection_termination": false,
            "deregistration_delay": "300",
            "health_check": [
              {
                "enabled": true,
                "healthy_threshold": 2,
                "interval": 30,
                "matcher": "200-399",
                "path": "/health/",
                "port": "traffic-port",
                "protocol": "HTTP",
                "timeout": 5,
                "unhealthy_threshold": 2
              }
            ],
            "id": "arn:aws:elasticloadbalancing:us-east-1:733338247552:targetgroup/tg-user-service/9e7cb39b4c2dcce1",
            "ip_address_type": "ipv4",
            "lambda_multi_value_headers_enabled": false,
            "load_balancing_algorithm_type": "round_robin",
            "load_balancing_cross_zone_enabled": "use_load_balancer_configuration",
            "name": "tg-user-service",
            "name_prefix": null,
            "port": 4001,
            "preserve_client_ip": null,
            "protocol": "HTTP",
            "protocol_version": "HTTP1",
            "proxy_protocol_v2": false,
            "slow_start": 0,
            "stickiness": [
              {
                "cookie_duration": 86400,
                "cookie_name": "",
                "enabled": false,
                "type": "lb_cookie"
              }
            ],
            "tags": null,
            "tags_all": {},
            "target_failover": [
              {
                "on_deregistration": null,
                "on_unhealthy": null
              }
            ],
            "target_type": "ip",
            "vpc_id": "vpc-03f83890770cf601e"
          },
          "sensitive_attributes": [],
          "private": "bnVsbA=="
        }
      ]
    },
    {
      "module": "module.network",
      "mode": "managed",
      "type": "aws_security_group",
      "name": "backend_sg",
      "provider": "provider[\"registry.terraform.io/hashicorp/aws\"]",
      "instances": [
        {
          "schema_version": 1,
          "attributes": {
            "arn": "arn:aws:ec2:us-east-1:733338247552:security-group/sg-0b5aac50b74973bd1",
            "description": "Security group for backend server",
            "egress": [
              {
                "cidr_blocks": [
                  "0.0.0.0/0"
                ],
                "description": "",
                "from_port": 0,
                "ipv6_cidr_blocks": [],
                "prefix_list_ids": [],
                "protocol": "-1",
                "security_groups": [],
                "self": false,
                "to_port": 0
              }
            ],
            "id": "sg-0b5aac50b74973bd1",
            "ingress": [
              {
                "cidr_blocks": [
                  "0.0.0.0/0"
                ],
                "description": "",
                "from_port": 4000,
                "ipv6_cidr_blocks": [],
                "prefix_list_ids": [],
                "protocol": "tcp",
                "security_groups": [],
                "self": false,
                "to_port": 4003
              },
              {
                "cidr_blocks": [
                  "0.0.0.0/0"
                ],
                "description": "",
                "from_port": 443,
                "ipv6_cidr_blocks": [],
                "prefix_list_ids": [],
                "protocol": "tcp",
                "security_groups": [],
                "self": false,
                "to_port": 443
              },
              {
                "cidr_blocks": [
                  "0.0.0.0/0"
                ],
                "description": "",
                "from_port": 80,
                "ipv6_cidr_blocks": [],
                "prefix_list_ids": [],
                "protocol": "tcp",
                "security_groups": [],
                "self": false,
                "to_port": 80
              },
              {
                "cidr_blocks": [
                  "0.0.0.0/0"
                ],
                "description": "",
                "from_port": 8888,
                "ipv6_cidr_blocks": [],
                "prefix_list_ids": [],
                "protocol": "tcp",
                "security_groups": [],
                "self": false,
                "to_port": 8888
              },
              {
                "cidr_blocks": [],
                "description": "",
                "from_port": 4004,
                "ipv6_cidr_blocks": [],
                "prefix_list_ids": [],
                "protocol": "tcp",
                "security_groups": [],
                "self": true,
                "to_port": 4004
              }
            ],
            "name": "backend-security-group",
            "name_prefix": "",
            "owner_id": "733338247552",
            "revoke_rules_on_delete": false,
            "tags": null,
            "tags_all": {},
            "timeouts": null,
            "vpc_id": "vpc-03f83890770cf601e"
          },
          "sensitive_attributes": [],
          "private": "eyJlMmJmYjczMC1lY2FhLTExZTYtOGY4OC0zNDM2M2JjN2M0YzAiOnsiY3JlYXRlIjo2MDAwMDAwMDAwMDAsImRlbGV0ZSI6OTAwMDAwMDAwMDAwfSwic2NoZW1hX3ZlcnNpb24iOiIxIn0="
        }
      ]
    },
    {
      "module": "module.network",
      "mode": "managed",
      "type": "aws_security_group",
      "name": "db_sg",
      "provider": "provider[\"registry.terraform.io/hashicorp/aws\"]",
      "instances": [
        {
          "schema_version": 1,
          "attributes": {
            "arn": "arn:aws:ec2:us-east-1:733338247552:security-group/sg-0b5f92a798676f3d4",
            "description": "Security group for RDS database",
            "egress": [
              {
                "cidr_blocks": [
                  "0.0.0.0/0"
                ],
                "description": "",
                "from_port": 0,
                "ipv6_cidr_blocks": [],
                "prefix_list_ids": [],
                "protocol": "-1",
                "security_groups": [],
                "self": false,
                "to_port": 0
              }
            ],
            "id": "sg-0b5f92a798676f3d4",
            "ingress": [
              {
                "cidr_blocks": [],
                "description": "",
                "from_port": 5432,
                "ipv6_cidr_blocks": [],
                "prefix_list_ids": [],
                "protocol": "tcp",
                "security_groups": [
                  "sg-0b5aac50b74973bd1"
                ],
                "self": false,
                "to_port": 5432
              }
            ],
            "name": "db-security-group",
            "name_prefix": "",
            "owner_id": "733338247552",
            "revoke_rules_on_delete": false,
            "tags": null,
            "tags_all": {},
            "timeouts": null,
            "vpc_id": "vpc-03f83890770cf601e"
          },
          "sensitive_attributes": [],
          "private": "eyJlMmJmYjczMC1lY2FhLTExZTYtOGY4OC0zNDM2M2JjN2M0YzAiOnsiY3JlYXRlIjo2MDAwMDAwMDAwMDAsImRlbGV0ZSI6OTAwMDAwMDAwMDAwfSwic2NoZW1hX3ZlcnNpb24iOiIxIn0=",
          "dependencies": [
            "module.network.aws_security_group.backend_sg"
          ]
        }
      ]
    },
    {
      "module": "module.notification_db",
      "mode": "managed",
      "type": "aws_dynamodb_table",
      "name": "notification_log",
      "provider": "provider[\"registry.terraform.io/hashicorp/aws\"]",
      "instances": [
        {
          "schema_version": 1,
          "attributes": {
            "arn": "arn:aws:dynamodb:us-east-1:733338247552:table/notification-log",
            "attribute": [
              {
                "name": "id",
                "type": "S"
              }
            ],
            "billing_mode": "PAY_PER_REQUEST",
            "deletion_protection_enabled": false,
            "global_secondary_index": [],
            "hash_key": "id",
            "id": "notification-log",
            "local_secondary_index": [],
            "name": "notification-log",
            "point_in_time_recovery": [
              {
                "enabled": false
              }
            ],
            "range_key": null,
            "read_capacity": 0,
            "replica": [],
            "restore_date_time": null,
            "restore_source_name": null,
            "restore_to_latest_time": null,
            "server_side_encryption": [],
            "stream_arn": "",
            "stream_enabled": false,
            "stream_label": "",
            "stream_view_type": "",
            "table_class": "STANDARD",
            "tags": null,
            "tags_all": {},
            "timeouts": null,
            "ttl": [
              {
                "attribute_name": "",
                "enabled": false
              }
            ],
            "write_capacity": 0
          },
          "sensitive_attributes": [],
          "private": "eyJlMmJmYjczMC1lY2FhLTExZTYtOGY4OC0zNDM2M2JjN2M0YzAiOnsiY3JlYXRlIjoxODAwMDAwMDAwMDAwLCJkZWxldGUiOjYwMDAwMDAwMDAwMCwidXBkYXRlIjozNjAwMDAwMDAwMDAwfSwic2NoZW1hX3ZlcnNpb24iOiIxIn0="
        }
      ]
    },
    {
      "module": "module.notification_sns_topic",
      "mode": "managed",
      "type": "aws_sns_topic",
      "name": "email_notifications",
      "provider": "provider[\"registry.terraform.io/hashicorp/aws\"]",
      "instances": [
        {
          "schema_version": 0,
          "attributes": {
            "application_failure_feedback_role_arn": "",
            "application_success_feedback_role_arn": "",
            "application_success_feedback_sample_rate": 0,
            "arn": "arn:aws:sns:us-east-1:733338247552:email-notifications",
            "content_based_deduplication": false,
            "delivery_policy": "",
            "display_name": "",
            "fifo_topic": false,
            "firehose_failure_feedback_role_arn": "",
            "firehose_success_feedback_role_arn": "",
            "firehose_success_feedback_sample_rate": 0,
            "http_failure_feedback_role_arn": "",
            "http_success_feedback_role_arn": "",
            "http_success_feedback_sample_rate": 0,
            "id": "arn:aws:sns:us-east-1:733338247552:email-notifications",
            "kms_master_key_id": "",
            "lambda_failure_feedback_role_arn": "",
            "lambda_success_feedback_role_arn": "",
            "lambda_success_feedback_sample_rate": 0,
            "name": "email-notifications",
            "name_prefix": "",
            "owner": "733338247552",
            "policy": "{\"Id\":\"__default_policy_ID\",\"Statement\":[{\"Action\":[\"SNS:GetTopicAttributes\",\"SNS:SetTopicAttributes\",\"SNS:AddPermission\",\"SNS:RemovePermission\",\"SNS:DeleteTopic\",\"SNS:Subscribe\",\"SNS:ListSubscriptionsByTopic\",\"SNS:Publish\"],\"Condition\":{\"StringEquals\":{\"AWS:SourceOwner\":\"733338247552\"}},\"Effect\":\"Allow\",\"Principal\":{\"AWS\":\"*\"},\"Resource\":\"arn:aws:sns:us-east-1:733338247552:email-notifications\",\"Sid\":\"__default_statement_ID\"}],\"Version\":\"2008-10-17\"}",
            "signature_version": 0,
            "sqs_failure_feedback_role_arn": "",
            "sqs_success_feedback_role_arn": "",
            "sqs_success_feedback_sample_rate": 0,
            "tags": null,
            "tags_all": {},
            "tracing_config": ""
          },
          "sensitive_attributes": [],
          "private": "bnVsbA=="
        }
      ]
    },
    {
      "module": "module.notification_sns_topic",
      "mode": "managed",
      "type": "aws_sns_topic_subscription",
      "name": "email_subscription",
      "provider": "provider[\"registry.terraform.io/hashicorp/aws\"]",
      "instances": [
        {
          "schema_version": 0,
          "attributes": {
            "arn": "arn:aws:sns:us-east-1:733338247552:email-notifications:60ba06be-25ba-4604-a80f-73f3fb58301d",
            "confirmation_timeout_in_minutes": 1,
            "confirmation_was_authenticated": false,
            "delivery_policy": "",
            "endpoint": "264127@student.pwr.edu.pl",
            "endpoint_auto_confirms": false,
            "filter_policy": "",
            "filter_policy_scope": "",
            "id": "arn:aws:sns:us-east-1:733338247552:email-notifications:60ba06be-25ba-4604-a80f-73f3fb58301d",
            "owner_id": "733338247552",
            "pending_confirmation": true,
            "protocol": "email",
            "raw_message_delivery": false,
            "redrive_policy": "",
            "subscription_role_arn": "",
            "topic_arn": "arn:aws:sns:us-east-1:733338247552:email-notifications"
          },
          "sensitive_attributes": [],
          "private": "bnVsbA==",
          "dependencies": [
            "module.notification_sns_topic.aws_sns_topic.email_notifications"
          ]
        }
      ]
    },
    {
      "module": "module.storage",
      "mode": "managed",
      "type": "aws_s3_bucket",
      "name": "app-bucket",
      "provider": "provider[\"registry.terraform.io/hashicorp/aws\"]",
      "instances": [
        {
          "schema_version": 0,
          "attributes": {
            "acceleration_status": "",
            "acl": null,
            "arn": "arn:aws:s3:::264127-app",
            "bucket": "264127-app",
            "bucket_domain_name": "264127-app.s3.amazonaws.com",
            "bucket_prefix": "",
            "bucket_regional_domain_name": "264127-app.s3.amazonaws.com",
            "cors_rule": [],
            "force_destroy": false,
            "grant": [
              {
                "id": "971501efa423fdc86ba7be7002d6c4bf85ec04e5c049894eda841e431b267604",
                "permissions": [
                  "FULL_CONTROL"
                ],
                "type": "CanonicalUser",
                "uri": ""
              }
            ],
            "hosted_zone_id": "Z3AQBSTGFYJSTF",
            "id": "264127-app",
            "lifecycle_rule": [],
            "logging": [],
            "object_lock_configuration": [],
            "object_lock_enabled": false,
            "policy": "",
            "region": "us-east-1",
            "replication_configuration": [],
            "request_payer": "BucketOwner",
            "server_side_encryption_configuration": [
              {
                "rule": [
                  {
                    "apply_server_side_encryption_by_default": [
                      {
                        "kms_master_key_id": "",
                        "sse_algorithm": "AES256"
                      }
                    ],
                    "bucket_key_enabled": false
                  }
                ]
              }
            ],
            "tags": null,
            "tags_all": {},
            "timeouts": null,
            "versioning": [
              {
                "enabled": false,
                "mfa_delete": false
              }
            ],
            "website": [],
            "website_domain": null,
            "website_endpoint": null
          },
          "sensitive_attributes": [],
          "private": "eyJlMmJmYjczMC1lY2FhLTExZTYtOGY4OC0zNDM2M2JjN2M0YzAiOnsiY3JlYXRlIjoxMjAwMDAwMDAwMDAwLCJkZWxldGUiOjM2MDAwMDAwMDAwMDAsInJlYWQiOjEyMDAwMDAwMDAwMDAsInVwZGF0ZSI6MTIwMDAwMDAwMDAwMH19"
        }
      ]
    },
    {
      "module": "module.user_added_queue",
      "mode": "managed",
      "type": "aws_sqs_queue",
      "name": "queue",
      "provider": "provider[\"registry.terraform.io/hashicorp/aws\"]",
      "instances": [
        {
          "schema_version": 0,
          "attributes": {
            "arn": "arn:aws:sqs:us-east-1:733338247552:user_added_queue",
            "content_based_deduplication": false,
            "deduplication_scope": "",
            "delay_seconds": 0,
            "fifo_queue": false,
            "fifo_throughput_limit": "",
            "id": "https://sqs.us-east-1.amazonaws.com/733338247552/user_added_queue",
            "kms_data_key_reuse_period_seconds": 300,
            "kms_master_key_id": "",
            "max_message_size": 262144,
            "message_retention_seconds": 86400,
            "name": "user_added_queue",
            "name_prefix": "",
            "policy": "",
            "receive_wait_time_seconds": 0,
            "redrive_allow_policy": "",
            "redrive_policy": "",
            "sqs_managed_sse_enabled": true,
            "tags": null,
            "tags_all": {},
            "url": "https://sqs.us-east-1.amazonaws.com/733338247552/user_added_queue",
            "visibility_timeout_seconds": 30
          },
          "sensitive_attributes": [],
          "private": "bnVsbA=="
        }
      ]
    },
    {
      "module": "module.user_db",
      "mode": "managed",
      "type": "aws_db_instance",
      "name": "db",
      "provider": "provider[\"registry.terraform.io/hashicorp/aws\"]",
      "instances": [
        {
          "schema_version": 1,
          "attributes": {
            "address": "user-service-db.ccsly5evhdma.us-east-1.rds.amazonaws.com",
            "allocated_storage": 20,
            "allow_major_version_upgrade": null,
            "apply_immediately": false,
            "arn": "arn:aws:rds:us-east-1:733338247552:db:user-service-db",
            "auto_minor_version_upgrade": true,
            "availability_zone": "us-east-1b",
            "backup_retention_period": 0,
            "backup_window": "08:50-09:20",
            "blue_green_update": [],
            "ca_cert_identifier": "rds-ca-rsa2048-g1",
            "character_set_name": "",
            "copy_tags_to_snapshot": false,
            "custom_iam_instance_profile": "",
            "customer_owned_ip_enabled": false,
            "db_name": "user_service",
            "db_subnet_group_name": "default",
            "delete_automated_backups": true,
            "deletion_protection": false,
            "domain": "",
            "domain_iam_role_name": "",
            "enabled_cloudwatch_logs_exports": null,
            "endpoint": "user-service-db.ccsly5evhdma.us-east-1.rds.amazonaws.com:5432",
            "engine": "postgres",
            "engine_version": "17.4",
            "engine_version_actual": "17.4",
            "final_snapshot_identifier": null,
            "hosted_zone_id": "Z2R2ITUGPM61AM",
            "iam_database_authentication_enabled": false,
            "id": "user-service-db",
            "identifier": "user-service-db",
            "identifier_prefix": "",
            "instance_class": "db.t3.micro",
            "iops": 0,
            "kms_key_id": "",
            "latest_restorable_time": "",
            "license_model": "postgresql-license",
            "listener_endpoint": [],
            "maintenance_window": "mon:07:17-mon:07:47",
            "manage_master_user_password": null,
            "master_user_secret": [],
            "master_user_secret_kms_key_id": null,
            "max_allocated_storage": 0,
            "monitoring_interval": 0,
            "monitoring_role_arn": "",
            "multi_az": false,
            "name": "user_service",
            "nchar_character_set_name": "",
            "network_type": "IPV4",
            "option_group_name": "default:postgres-17",
            "parameter_group_name": "default.postgres17",
            "password": "dbpassword",
            "performance_insights_enabled": false,
            "performance_insights_kms_key_id": "",
            "performance_insights_retention_period": 0,
            "port": 5432,
            "publicly_accessible": false,
            "replica_mode": "",
            "replicas": [],
            "replicate_source_db": "",
            "resource_id": "db-C64YJNW52IAFVWK5BQLGDYW4GU",
            "restore_to_point_in_time": [],
            "s3_import": [],
            "security_group_names": null,
            "skip_final_snapshot": true,
            "snapshot_identifier": null,
            "status": "available",
            "storage_encrypted": false,
            "storage_throughput": 0,
            "storage_type": "gp2",
            "tags": null,
            "tags_all": {},
            "timeouts": null,
            "timezone": "",
            "username": "dbuser",
            "vpc_security_group_ids": [
              "sg-0b5f92a798676f3d4"
            ]
          },
          "sensitive_attributes": [
            [
              {
                "type": "get_attr",
                "value": "password"
              }
            ],
            [
              {
                "type": "get_attr",
                "value": "username"
              }
            ]
          ],
          "private": "eyJlMmJmYjczMC1lY2FhLTExZTYtOGY4OC0zNDM2M2JjN2M0YzAiOnsiY3JlYXRlIjoyNDAwMDAwMDAwMDAwLCJkZWxldGUiOjM2MDAwMDAwMDAwMDAsInVwZGF0ZSI6NDgwMDAwMDAwMDAwMH0sInNjaGVtYV92ZXJzaW9uIjoiMSJ9",
          "dependencies": [
            "module.network.aws_security_group.backend_sg",
            "module.network.aws_security_group.db_sg"
          ]
        }
      ]
    },
    {
      "module": "module.user_registered_queue",
      "mode": "managed",
      "type": "aws_sqs_queue",
      "name": "queue",
      "provider": "provider[\"registry.terraform.io/hashicorp/aws\"]",
      "instances": [
        {
          "schema_version": 0,
          "attributes": {
            "arn": "arn:aws:sqs:us-east-1:733338247552:user_registered_queue",
            "content_based_deduplication": false,
            "deduplication_scope": "",
            "delay_seconds": 0,
            "fifo_queue": false,
            "fifo_throughput_limit": "",
            "id": "https://sqs.us-east-1.amazonaws.com/733338247552/user_registered_queue",
            "kms_data_key_reuse_period_seconds": 300,
            "kms_master_key_id": "",
            "max_message_size": 262144,
            "message_retention_seconds": 86400,
            "name": "user_registered_queue",
            "name_prefix": "",
            "policy": "",
            "receive_wait_time_seconds": 0,
            "redrive_allow_policy": "",
            "redrive_policy": "",
            "sqs_managed_sse_enabled": true,
            "tags": null,
            "tags_all": {},
            "url": "https://sqs.us-east-1.amazonaws.com/733338247552/user_registered_queue",
            "visibility_timeout_seconds": 30
          },
          "sensitive_attributes": [],
          "private": "bnVsbA=="
        }
      ]
    }
  ],
  "check_results": null
}
